// !$*UTF8*$!
{
	archiveVersion = 1;
	classes = {
	};
	objectVersion = 46;
	objects = {

/* Begin PBXBuildFile section */
		274EC1281DCA12C900CD7B0C /* TrumpAlarmNotification.swift in Sources */ = {isa = PBXBuildFile; fileRef = 274EC1271DCA12C900CD7B0C /* TrumpAlarmNotification.swift */; };
		70159E941DCA570D00C581DB /* TrumpAlarmShareItemSource.swift in Sources */ = {isa = PBXBuildFile; fileRef = 70159E931DCA570D00C581DB /* TrumpAlarmShareItemSource.swift */; };
		7038D8B01DC840E000EECF42 /* TrumpFace.swift in Sources */ = {isa = PBXBuildFile; fileRef = 7038D8AE1DC840E000EECF42 /* TrumpFace.swift */; };
		7038D8B11DC840E000EECF42 /* BorderedButton.swift in Sources */ = {isa = PBXBuildFile; fileRef = 7038D8AF1DC840E000EECF42 /* BorderedButton.swift */; };
		7038D8B71DC840EA00EECF42 /* StoryboardDirector.swift in Sources */ = {isa = PBXBuildFile; fileRef = 7038D8B21DC840EA00EECF42 /* StoryboardDirector.swift */; };
		7038D8B81DC840EA00EECF42 /* TrumpAlarmDate+Extensions.swift in Sources */ = {isa = PBXBuildFile; fileRef = 7038D8B31DC840EA00EECF42 /* TrumpAlarmDate+Extensions.swift */; };
		7038D8B91DC840EA00EECF42 /* Environment.swift in Sources */ = {isa = PBXBuildFile; fileRef = 7038D8B41DC840EA00EECF42 /* Environment.swift */; };
		7038D8BA1DC840EA00EECF42 /* SwiftyJSON.swift in Sources */ = {isa = PBXBuildFile; fileRef = 7038D8B51DC840EA00EECF42 /* SwiftyJSON.swift */; };
		7038D8BB1DC840EA00EECF42 /* TrumpAlarmInt+Extensions.swift in Sources */ = {isa = PBXBuildFile; fileRef = 7038D8B61DC840EA00EECF42 /* TrumpAlarmInt+Extensions.swift */; };
		7038D8D11DC840F400EECF42 /* CalendarName.swift in Sources */ = {isa = PBXBuildFile; fileRef = 7038D8BC1DC840F400EECF42 /* CalendarName.swift */; };
		7038D8D21DC840F400EECF42 /* Commons.swift in Sources */ = {isa = PBXBuildFile; fileRef = 7038D8BD1DC840F400EECF42 /* Commons.swift */; };
		7038D8D31DC840F400EECF42 /* Date+Compare.swift in Sources */ = {isa = PBXBuildFile; fileRef = 7038D8BE1DC840F400EECF42 /* Date+Compare.swift */; };
		7038D8D41DC840F400EECF42 /* Date+Components.swift in Sources */ = {isa = PBXBuildFile; fileRef = 7038D8BF1DC840F400EECF42 /* Date+Components.swift */; };
		7038D8D51DC840F400EECF42 /* Date+Formatter.swift in Sources */ = {isa = PBXBuildFile; fileRef = 7038D8C01DC840F400EECF42 /* Date+Formatter.swift */; };
		7038D8D61DC840F400EECF42 /* Date+Math.swift in Sources */ = {isa = PBXBuildFile; fileRef = 7038D8C11DC840F400EECF42 /* Date+Math.swift */; };
		7038D8D71DC840F400EECF42 /* DateComponents+Extension.swift in Sources */ = {isa = PBXBuildFile; fileRef = 7038D8C21DC840F400EECF42 /* DateComponents+Extension.swift */; };
		7038D8D81DC840F400EECF42 /* DateInRegion.swift in Sources */ = {isa = PBXBuildFile; fileRef = 7038D8C31DC840F400EECF42 /* DateInRegion.swift */; };
		7038D8D91DC840F400EECF42 /* DateInRegion+Compare.swift in Sources */ = {isa = PBXBuildFile; fileRef = 7038D8C41DC840F400EECF42 /* DateInRegion+Compare.swift */; };
		7038D8DA1DC840F400EECF42 /* DateInRegion+Components.swift in Sources */ = {isa = PBXBuildFile; fileRef = 7038D8C51DC840F400EECF42 /* DateInRegion+Components.swift */; };
		7038D8DB1DC840F400EECF42 /* DateInRegion+Formatter.swift in Sources */ = {isa = PBXBuildFile; fileRef = 7038D8C61DC840F400EECF42 /* DateInRegion+Formatter.swift */; };
		7038D8DC1DC840F400EECF42 /* DateInRegion+Math.swift in Sources */ = {isa = PBXBuildFile; fileRef = 7038D8C71DC840F400EECF42 /* DateInRegion+Math.swift */; };
		7038D8DD1DC840F400EECF42 /* DateInRegionFormatter.swift in Sources */ = {isa = PBXBuildFile; fileRef = 7038D8C81DC840F400EECF42 /* DateInRegionFormatter.swift */; };
		7038D8DE1DC840F400EECF42 /* DateTimeInterval.swift in Sources */ = {isa = PBXBuildFile; fileRef = 7038D8C91DC840F400EECF42 /* DateTimeInterval.swift */; };
		7038D8DF1DC840F400EECF42 /* Extensions.swift in Sources */ = {isa = PBXBuildFile; fileRef = 7038D8CA1DC840F400EECF42 /* Extensions.swift */; };
		7038D8E01DC840F400EECF42 /* ISO8601DateTimeFormatter.swift in Sources */ = {isa = PBXBuildFile; fileRef = 7038D8CB1DC840F400EECF42 /* ISO8601DateTimeFormatter.swift */; };
		7038D8E11DC840F400EECF42 /* LocaleName.swift in Sources */ = {isa = PBXBuildFile; fileRef = 7038D8CC1DC840F400EECF42 /* LocaleName.swift */; };
		7038D8E21DC840F400EECF42 /* Region.swift in Sources */ = {isa = PBXBuildFile; fileRef = 7038D8CD1DC840F400EECF42 /* Region.swift */; };
		7038D8E41DC840F400EECF42 /* TimeInterval+Extensions.swift in Sources */ = {isa = PBXBuildFile; fileRef = 7038D8CF1DC840F400EECF42 /* TimeInterval+Extensions.swift */; };
		7038D8E51DC840F400EECF42 /* TimeZoneName.swift in Sources */ = {isa = PBXBuildFile; fileRef = 7038D8D01DC840F400EECF42 /* TimeZoneName.swift */; };
		7038D8FF1DC8410300EECF42 /* grab-em.wav in Resources */ = {isa = PBXBuildFile; fileRef = 7038D8E61DC8410300EECF42 /* grab-em.wav */; };
		7038D9001DC8410300EECF42 /* great-relationship-with-the-blacks.wav in Resources */ = {isa = PBXBuildFile; fileRef = 7038D8E71DC8410300EECF42 /* great-relationship-with-the-blacks.wav */; };
		7038D9011DC8410300EECF42 /* hand-size.wav in Resources */ = {isa = PBXBuildFile; fileRef = 7038D8E81DC8410300EECF42 /* hand-size.wav */; };
		7038D9021DC8410300EECF42 /* meg-kelly-blood.wav in Resources */ = {isa = PBXBuildFile; fileRef = 7038D8E91DC8410300EECF42 /* meg-kelly-blood.wav */; };
		7038D9031DC8410300EECF42 /* muslim-shutdown.wav in Resources */ = {isa = PBXBuildFile; fileRef = 7038D8EA1DC8410300EECF42 /* muslim-shutdown.wav */; };
		7038D9041DC8410300EECF42 /* nasty_woman.wav in Resources */ = {isa = PBXBuildFile; fileRef = 7038D8EB1DC8410300EECF42 /* nasty_woman.wav */; };
		7038D9051DC8410300EECF42 /* nasty-woman.wav in Resources */ = {isa = PBXBuildFile; fileRef = 7038D8EC1DC8410300EECF42 /* nasty-woman.wav */; };
		7038D9061DC8410300EECF42 /* not-a-war-hero.wav in Resources */ = {isa = PBXBuildFile; fileRef = 7038D8ED1DC8410300EECF42 /* not-a-war-hero.wav */; };
		7038D9071DC8410300EECF42 /* obama-clinton-co-founded-ISIS.wav in Resources */ = {isa = PBXBuildFile; fileRef = 7038D8EE1DC8410300EECF42 /* obama-clinton-co-founded-ISIS.wav */; };
		7038D9081DC8410300EECF42 /* second-ammendment.wav in Resources */ = {isa = PBXBuildFile; fileRef = 7038D8EF1DC8410300EECF42 /* second-ammendment.wav */; };
		7038D9091DC8410300EECF42 /* shoot_sombody.wav in Resources */ = {isa = PBXBuildFile; fileRef = 7038D8F01DC8410300EECF42 /* shoot_sombody.wav */; };
		7038D90A1DC8410300EECF42 /* take-their-guns-away.wav in Resources */ = {isa = PBXBuildFile; fileRef = 7038D8F11DC8410300EECF42 /* take-their-guns-away.wav */; };
		7038D90B1DC8410300EECF42 /* they're-rapist.wav in Resources */ = {isa = PBXBuildFile; fileRef = 7038D8F21DC8410300EECF42 /* they're-rapist.wav */; };
		7038D90C1DC8410300EECF42 /* try-and-fuck-her-she-was-married.wav in Resources */ = {isa = PBXBuildFile; fileRef = 7038D8F31DC8410300EECF42 /* try-and-fuck-her-she-was-married.wav */; };
		7038D90D1DC8410300EECF42 /* waterboarding.wav in Resources */ = {isa = PBXBuildFile; fileRef = 7038D8F41DC8410300EECF42 /* waterboarding.wav */; };
		7038D90E1DC8410300EECF42 /* won't-rule-out-nuclear-weapons.wav in Resources */ = {isa = PBXBuildFile; fileRef = 7038D8F51DC8410300EECF42 /* won't-rule-out-nuclear-weapons.wav */; };
		7038D90F1DC8410300EECF42 /* you're-the-puppet.wav in Resources */ = {isa = PBXBuildFile; fileRef = 7038D8F61DC8410300EECF42 /* you're-the-puppet.wav */; };
		7038D9101DC8410300EECF42 /* bomb-the-shit.wav in Resources */ = {isa = PBXBuildFile; fileRef = 7038D8F71DC8410300EECF42 /* bomb-the-shit.wav */; };
		7038D9111DC8410300EECF42 /* build-a-wall.wav in Resources */ = {isa = PBXBuildFile; fileRef = 7038D8F81DC8410300EECF42 /* build-a-wall.wav */; };
		7038D9121DC8410300EECF42 /* carried-out-in-a-stretcher.wav in Resources */ = {isa = PBXBuildFile; fileRef = 7038D8F91DC8410300EECF42 /* carried-out-in-a-stretcher.wav */; };
		7038D9131DC8410300EECF42 /* creeping-miss-teen.wav in Resources */ = {isa = PBXBuildFile; fileRef = 7038D8FA1DC8410300EECF42 /* creeping-miss-teen.wav */; };
		7038D9141DC8410300EECF42 /* dating-Ivanka.wav in Resources */ = {isa = PBXBuildFile; fileRef = 7038D8FB1DC8410300EECF42 /* dating-Ivanka.wav */; };
		7038D9151DC8410300EECF42 /* dropping-to-your-knees.wav in Resources */ = {isa = PBXBuildFile; fileRef = 7038D8FC1DC8410300EECF42 /* dropping-to-your-knees.wav */; };
		7038D9161DC8410300EECF42 /* I-could-shoot-somebody.wav in Resources */ = {isa = PBXBuildFile; fileRef = 7038D8FD1DC8410300EECF42 /* I-could-shoot-somebody.wav */; };
		7038D9171DC8410300EECF42 /* SoundBiteContent.swift in Sources */ = {isa = PBXBuildFile; fileRef = 7038D8FE1DC8410300EECF42 /* SoundBiteContent.swift */; };
		7038D9201DC8410F00EECF42 /* NotificationManager.swift in Sources */ = {isa = PBXBuildFile; fileRef = 7038D9181DC8410F00EECF42 /* NotificationManager.swift */; };
		7038D9211DC8410F00EECF42 /* CountdownManager.swift in Sources */ = {isa = PBXBuildFile; fileRef = 7038D9191DC8410F00EECF42 /* CountdownManager.swift */; };
		7038D9221DC8410F00EECF42 /* GoogleCivicInfoInteractor.swift in Sources */ = {isa = PBXBuildFile; fileRef = 7038D91A1DC8410F00EECF42 /* GoogleCivicInfoInteractor.swift */; };
		7038D9231DC8410F00EECF42 /* LocationManager.swift in Sources */ = {isa = PBXBuildFile; fileRef = 7038D91B1DC8410F00EECF42 /* LocationManager.swift */; };
		7038D9241DC8410F00EECF42 /* PollingAPIResponse.swift in Sources */ = {isa = PBXBuildFile; fileRef = 7038D91C1DC8410F00EECF42 /* PollingAPIResponse.swift */; };
		7038D9251DC8410F00EECF42 /* TrumpAlarmUserDefaults.swift in Sources */ = {isa = PBXBuildFile; fileRef = 7038D91D1DC8410F00EECF42 /* TrumpAlarmUserDefaults.swift */; };
		7038D9261DC8410F00EECF42 /* PhotoManager.swift in Sources */ = {isa = PBXBuildFile; fileRef = 7038D91E1DC8410F00EECF42 /* PhotoManager.swift */; };
		7038D9271DC8410F00EECF42 /* TrumpQuoteStore.swift in Sources */ = {isa = PBXBuildFile; fileRef = 7038D91F1DC8410F00EECF42 /* TrumpQuoteStore.swift */; };
		7038D92A1DC8411D00EECF42 /* TrumpQuoteLibrary.swift in Sources */ = {isa = PBXBuildFile; fileRef = 7038D9281DC8411D00EECF42 /* TrumpQuoteLibrary.swift */; };
		7038D92B1DC8411D00EECF42 /* TrumpQuote.swift in Sources */ = {isa = PBXBuildFile; fileRef = 7038D9291DC8411D00EECF42 /* TrumpQuote.swift */; };
		7038D9301DC8412500EECF42 /* MainViewController.swift in Sources */ = {isa = PBXBuildFile; fileRef = 7038D92C1DC8412500EECF42 /* MainViewController.swift */; };
		7038D9311DC8412500EECF42 /* QuotePlayViewController.swift in Sources */ = {isa = PBXBuildFile; fileRef = 7038D92D1DC8412500EECF42 /* QuotePlayViewController.swift */; };
		7038D9321DC8412500EECF42 /* IntroViewController.swift in Sources */ = {isa = PBXBuildFile; fileRef = 7038D92E1DC8412500EECF42 /* IntroViewController.swift */; };
		7038D9331DC8412500EECF42 /* PostVotingController.swift in Sources */ = {isa = PBXBuildFile; fileRef = 7038D92F1DC8412500EECF42 /* PostVotingController.swift */; };
		7038D9351DC8421300EECF42 /* Secret.swift in Sources */ = {isa = PBXBuildFile; fileRef = 7038D9341DC8421300EECF42 /* Secret.swift */; };
		7038D9371DC8448B00EECF42 /* CoreLocation.framework in Frameworks */ = {isa = PBXBuildFile; fileRef = 7038D9361DC8448B00EECF42 /* CoreLocation.framework */; };
		70A6CC801DC1238C00ED2D23 /* AppDelegate.swift in Sources */ = {isa = PBXBuildFile; fileRef = 70A6CC7F1DC1238C00ED2D23 /* AppDelegate.swift */; };
		70A6CC851DC1238C00ED2D23 /* Main.storyboard in Resources */ = {isa = PBXBuildFile; fileRef = 70A6CC831DC1238C00ED2D23 /* Main.storyboard */; };
		70A6CC871DC1238C00ED2D23 /* Assets.xcassets in Resources */ = {isa = PBXBuildFile; fileRef = 70A6CC861DC1238C00ED2D23 /* Assets.xcassets */; };
		70A6CC8A1DC1238C00ED2D23 /* LaunchScreen.storyboard in Resources */ = {isa = PBXBuildFile; fileRef = 70A6CC881DC1238C00ED2D23 /* LaunchScreen.storyboard */; };
		70A6CC951DC1238C00ED2D23 /* trump_alarmTests.swift in Sources */ = {isa = PBXBuildFile; fileRef = 70A6CC941DC1238C00ED2D23 /* trump_alarmTests.swift */; };
		E77700B66276486A6DD7E4C7 /* TAAudioShareItemSource.swift in Sources */ = {isa = PBXBuildFile; fileRef = E777081AC3EA8FECCC5D7151 /* TAAudioShareItemSource.swift */; };
		ED519B248C8F8FB39255A53D /* Pods_trump_alarm.framework in Frameworks */ = {isa = PBXBuildFile; fileRef = 4E11DA3BAD928EB0F078115A /* Pods_trump_alarm.framework */; };
/* End PBXBuildFile section */

/* Begin PBXContainerItemProxy section */
		70A6CC911DC1238C00ED2D23 /* PBXContainerItemProxy */ = {
			isa = PBXContainerItemProxy;
			containerPortal = 70A6CC741DC1238C00ED2D23 /* Project object */;
			proxyType = 1;
			remoteGlobalIDString = 70A6CC7B1DC1238C00ED2D23;
			remoteInfo = "trump-alarm";
		};
/* End PBXContainerItemProxy section */

/* Begin PBXFileReference section */
		274EC1271DCA12C900CD7B0C /* TrumpAlarmNotification.swift */ = {isa = PBXFileReference; fileEncoding = 4; lastKnownFileType = sourcecode.swift; path = TrumpAlarmNotification.swift; sourceTree = "<group>"; };
		4E11DA3BAD928EB0F078115A /* Pods_trump_alarm.framework */ = {isa = PBXFileReference; explicitFileType = wrapper.framework; includeInIndex = 0; path = Pods_trump_alarm.framework; sourceTree = BUILT_PRODUCTS_DIR; };
		603496EB1BB37306424435F1 /* Pods-trump-alarm.debug.xcconfig */ = {isa = PBXFileReference; includeInIndex = 1; lastKnownFileType = text.xcconfig; name = "Pods-trump-alarm.debug.xcconfig"; path = "Pods/Target Support Files/Pods-trump-alarm/Pods-trump-alarm.debug.xcconfig"; sourceTree = "<group>"; };
		70159E931DCA570D00C581DB /* TrumpAlarmShareItemSource.swift */ = {isa = PBXFileReference; fileEncoding = 4; lastKnownFileType = sourcecode.swift; path = TrumpAlarmShareItemSource.swift; sourceTree = "<group>"; };
		7038D8AE1DC840E000EECF42 /* TrumpFace.swift */ = {isa = PBXFileReference; fileEncoding = 4; lastKnownFileType = sourcecode.swift; name = TrumpFace.swift; path = Views/TrumpFace.swift; sourceTree = "<group>"; };
		7038D8AF1DC840E000EECF42 /* BorderedButton.swift */ = {isa = PBXFileReference; fileEncoding = 4; lastKnownFileType = sourcecode.swift; name = BorderedButton.swift; path = Views/BorderedButton.swift; sourceTree = "<group>"; };
		7038D8B21DC840EA00EECF42 /* StoryboardDirector.swift */ = {isa = PBXFileReference; fileEncoding = 4; lastKnownFileType = sourcecode.swift; name = StoryboardDirector.swift; path = Utilities/StoryboardDirector.swift; sourceTree = "<group>"; };
		7038D8B31DC840EA00EECF42 /* TrumpAlarmDate+Extensions.swift */ = {isa = PBXFileReference; fileEncoding = 4; lastKnownFileType = sourcecode.swift; name = "TrumpAlarmDate+Extensions.swift"; path = "Utilities/TrumpAlarmDate+Extensions.swift"; sourceTree = "<group>"; };
		7038D8B41DC840EA00EECF42 /* Environment.swift */ = {isa = PBXFileReference; fileEncoding = 4; lastKnownFileType = sourcecode.swift; name = Environment.swift; path = Utilities/Environment.swift; sourceTree = "<group>"; };
		7038D8B51DC840EA00EECF42 /* SwiftyJSON.swift */ = {isa = PBXFileReference; fileEncoding = 4; lastKnownFileType = sourcecode.swift; name = SwiftyJSON.swift; path = Utilities/SwiftyJSON.swift; sourceTree = "<group>"; };
		7038D8B61DC840EA00EECF42 /* TrumpAlarmInt+Extensions.swift */ = {isa = PBXFileReference; fileEncoding = 4; lastKnownFileType = sourcecode.swift; name = "TrumpAlarmInt+Extensions.swift"; path = "Utilities/TrumpAlarmInt+Extensions.swift"; sourceTree = "<group>"; };
		7038D8BC1DC840F400EECF42 /* CalendarName.swift */ = {isa = PBXFileReference; fileEncoding = 4; lastKnownFileType = sourcecode.swift; name = CalendarName.swift; path = SwiftDate/CalendarName.swift; sourceTree = "<group>"; };
		7038D8BD1DC840F400EECF42 /* Commons.swift */ = {isa = PBXFileReference; fileEncoding = 4; lastKnownFileType = sourcecode.swift; name = Commons.swift; path = SwiftDate/Commons.swift; sourceTree = "<group>"; };
		7038D8BE1DC840F400EECF42 /* Date+Compare.swift */ = {isa = PBXFileReference; fileEncoding = 4; lastKnownFileType = sourcecode.swift; name = "Date+Compare.swift"; path = "SwiftDate/Date+Compare.swift"; sourceTree = "<group>"; };
		7038D8BF1DC840F400EECF42 /* Date+Components.swift */ = {isa = PBXFileReference; fileEncoding = 4; lastKnownFileType = sourcecode.swift; name = "Date+Components.swift"; path = "SwiftDate/Date+Components.swift"; sourceTree = "<group>"; };
		7038D8C01DC840F400EECF42 /* Date+Formatter.swift */ = {isa = PBXFileReference; fileEncoding = 4; lastKnownFileType = sourcecode.swift; name = "Date+Formatter.swift"; path = "SwiftDate/Date+Formatter.swift"; sourceTree = "<group>"; };
		7038D8C11DC840F400EECF42 /* Date+Math.swift */ = {isa = PBXFileReference; fileEncoding = 4; lastKnownFileType = sourcecode.swift; name = "Date+Math.swift"; path = "SwiftDate/Date+Math.swift"; sourceTree = "<group>"; };
		7038D8C21DC840F400EECF42 /* DateComponents+Extension.swift */ = {isa = PBXFileReference; fileEncoding = 4; lastKnownFileType = sourcecode.swift; name = "DateComponents+Extension.swift"; path = "SwiftDate/DateComponents+Extension.swift"; sourceTree = "<group>"; };
		7038D8C31DC840F400EECF42 /* DateInRegion.swift */ = {isa = PBXFileReference; fileEncoding = 4; lastKnownFileType = sourcecode.swift; name = DateInRegion.swift; path = SwiftDate/DateInRegion.swift; sourceTree = "<group>"; };
		7038D8C41DC840F400EECF42 /* DateInRegion+Compare.swift */ = {isa = PBXFileReference; fileEncoding = 4; lastKnownFileType = sourcecode.swift; name = "DateInRegion+Compare.swift"; path = "SwiftDate/DateInRegion+Compare.swift"; sourceTree = "<group>"; };
		7038D8C51DC840F400EECF42 /* DateInRegion+Components.swift */ = {isa = PBXFileReference; fileEncoding = 4; lastKnownFileType = sourcecode.swift; name = "DateInRegion+Components.swift"; path = "SwiftDate/DateInRegion+Components.swift"; sourceTree = "<group>"; };
		7038D8C61DC840F400EECF42 /* DateInRegion+Formatter.swift */ = {isa = PBXFileReference; fileEncoding = 4; lastKnownFileType = sourcecode.swift; name = "DateInRegion+Formatter.swift"; path = "SwiftDate/DateInRegion+Formatter.swift"; sourceTree = "<group>"; };
		7038D8C71DC840F400EECF42 /* DateInRegion+Math.swift */ = {isa = PBXFileReference; fileEncoding = 4; lastKnownFileType = sourcecode.swift; name = "DateInRegion+Math.swift"; path = "SwiftDate/DateInRegion+Math.swift"; sourceTree = "<group>"; };
		7038D8C81DC840F400EECF42 /* DateInRegionFormatter.swift */ = {isa = PBXFileReference; fileEncoding = 4; lastKnownFileType = sourcecode.swift; name = DateInRegionFormatter.swift; path = SwiftDate/DateInRegionFormatter.swift; sourceTree = "<group>"; };
		7038D8C91DC840F400EECF42 /* DateTimeInterval.swift */ = {isa = PBXFileReference; fileEncoding = 4; lastKnownFileType = sourcecode.swift; name = DateTimeInterval.swift; path = SwiftDate/DateTimeInterval.swift; sourceTree = "<group>"; };
		7038D8CA1DC840F400EECF42 /* Extensions.swift */ = {isa = PBXFileReference; fileEncoding = 4; lastKnownFileType = sourcecode.swift; name = Extensions.swift; path = SwiftDate/Extensions.swift; sourceTree = "<group>"; };
		7038D8CB1DC840F400EECF42 /* ISO8601DateTimeFormatter.swift */ = {isa = PBXFileReference; fileEncoding = 4; lastKnownFileType = sourcecode.swift; name = ISO8601DateTimeFormatter.swift; path = SwiftDate/ISO8601DateTimeFormatter.swift; sourceTree = "<group>"; };
		7038D8CC1DC840F400EECF42 /* LocaleName.swift */ = {isa = PBXFileReference; fileEncoding = 4; lastKnownFileType = sourcecode.swift; name = LocaleName.swift; path = SwiftDate/LocaleName.swift; sourceTree = "<group>"; };
		7038D8CD1DC840F400EECF42 /* Region.swift */ = {isa = PBXFileReference; fileEncoding = 4; lastKnownFileType = sourcecode.swift; name = Region.swift; path = SwiftDate/Region.swift; sourceTree = "<group>"; };
		7038D8CF1DC840F400EECF42 /* TimeInterval+Extensions.swift */ = {isa = PBXFileReference; fileEncoding = 4; lastKnownFileType = sourcecode.swift; name = "TimeInterval+Extensions.swift"; path = "SwiftDate/TimeInterval+Extensions.swift"; sourceTree = "<group>"; };
		7038D8D01DC840F400EECF42 /* TimeZoneName.swift */ = {isa = PBXFileReference; fileEncoding = 4; lastKnownFileType = sourcecode.swift; name = TimeZoneName.swift; path = SwiftDate/TimeZoneName.swift; sourceTree = "<group>"; };
		7038D8E61DC8410300EECF42 /* grab-em.wav */ = {isa = PBXFileReference; lastKnownFileType = audio.wav; name = "grab-em.wav"; path = "SoundBites/grab-em.wav"; sourceTree = "<group>"; };
		7038D8E71DC8410300EECF42 /* great-relationship-with-the-blacks.wav */ = {isa = PBXFileReference; lastKnownFileType = audio.wav; name = "great-relationship-with-the-blacks.wav"; path = "SoundBites/great-relationship-with-the-blacks.wav"; sourceTree = "<group>"; };
		7038D8E81DC8410300EECF42 /* hand-size.wav */ = {isa = PBXFileReference; lastKnownFileType = audio.wav; name = "hand-size.wav"; path = "SoundBites/hand-size.wav"; sourceTree = "<group>"; };
		7038D8E91DC8410300EECF42 /* meg-kelly-blood.wav */ = {isa = PBXFileReference; lastKnownFileType = audio.wav; name = "meg-kelly-blood.wav"; path = "SoundBites/meg-kelly-blood.wav"; sourceTree = "<group>"; };
		7038D8EA1DC8410300EECF42 /* muslim-shutdown.wav */ = {isa = PBXFileReference; lastKnownFileType = audio.wav; name = "muslim-shutdown.wav"; path = "SoundBites/muslim-shutdown.wav"; sourceTree = "<group>"; };
		7038D8EB1DC8410300EECF42 /* nasty_woman.wav */ = {isa = PBXFileReference; lastKnownFileType = audio.wav; name = nasty_woman.wav; path = SoundBites/nasty_woman.wav; sourceTree = "<group>"; };
		7038D8EC1DC8410300EECF42 /* nasty-woman.wav */ = {isa = PBXFileReference; lastKnownFileType = audio.wav; name = "nasty-woman.wav"; path = "SoundBites/nasty-woman.wav"; sourceTree = "<group>"; };
		7038D8ED1DC8410300EECF42 /* not-a-war-hero.wav */ = {isa = PBXFileReference; lastKnownFileType = audio.wav; name = "not-a-war-hero.wav"; path = "SoundBites/not-a-war-hero.wav"; sourceTree = "<group>"; };
		7038D8EE1DC8410300EECF42 /* obama-clinton-co-founded-ISIS.wav */ = {isa = PBXFileReference; lastKnownFileType = audio.wav; name = "obama-clinton-co-founded-ISIS.wav"; path = "SoundBites/obama-clinton-co-founded-ISIS.wav"; sourceTree = "<group>"; };
		7038D8EF1DC8410300EECF42 /* second-ammendment.wav */ = {isa = PBXFileReference; lastKnownFileType = audio.wav; name = "second-ammendment.wav"; path = "SoundBites/second-ammendment.wav"; sourceTree = "<group>"; };
		7038D8F01DC8410300EECF42 /* shoot_sombody.wav */ = {isa = PBXFileReference; lastKnownFileType = audio.wav; name = shoot_sombody.wav; path = SoundBites/shoot_sombody.wav; sourceTree = "<group>"; };
		7038D8F11DC8410300EECF42 /* take-their-guns-away.wav */ = {isa = PBXFileReference; lastKnownFileType = audio.wav; name = "take-their-guns-away.wav"; path = "SoundBites/take-their-guns-away.wav"; sourceTree = "<group>"; };
		7038D8F21DC8410300EECF42 /* they're-rapist.wav */ = {isa = PBXFileReference; lastKnownFileType = audio.wav; name = "they're-rapist.wav"; path = "SoundBites/they're-rapist.wav"; sourceTree = "<group>"; };
		7038D8F31DC8410300EECF42 /* try-and-fuck-her-she-was-married.wav */ = {isa = PBXFileReference; lastKnownFileType = audio.wav; name = "try-and-fuck-her-she-was-married.wav"; path = "SoundBites/try-and-fuck-her-she-was-married.wav"; sourceTree = "<group>"; };
		7038D8F41DC8410300EECF42 /* waterboarding.wav */ = {isa = PBXFileReference; lastKnownFileType = audio.wav; name = waterboarding.wav; path = SoundBites/waterboarding.wav; sourceTree = "<group>"; };
		7038D8F51DC8410300EECF42 /* won't-rule-out-nuclear-weapons.wav */ = {isa = PBXFileReference; lastKnownFileType = audio.wav; name = "won't-rule-out-nuclear-weapons.wav"; path = "SoundBites/won't-rule-out-nuclear-weapons.wav"; sourceTree = "<group>"; };
		7038D8F61DC8410300EECF42 /* you're-the-puppet.wav */ = {isa = PBXFileReference; lastKnownFileType = audio.wav; name = "you're-the-puppet.wav"; path = "SoundBites/you're-the-puppet.wav"; sourceTree = "<group>"; };
		7038D8F71DC8410300EECF42 /* bomb-the-shit.wav */ = {isa = PBXFileReference; lastKnownFileType = audio.wav; name = "bomb-the-shit.wav"; path = "SoundBites/bomb-the-shit.wav"; sourceTree = "<group>"; };
		7038D8F81DC8410300EECF42 /* build-a-wall.wav */ = {isa = PBXFileReference; lastKnownFileType = audio.wav; name = "build-a-wall.wav"; path = "SoundBites/build-a-wall.wav"; sourceTree = "<group>"; };
		7038D8F91DC8410300EECF42 /* carried-out-in-a-stretcher.wav */ = {isa = PBXFileReference; lastKnownFileType = audio.wav; name = "carried-out-in-a-stretcher.wav"; path = "SoundBites/carried-out-in-a-stretcher.wav"; sourceTree = "<group>"; };
		7038D8FA1DC8410300EECF42 /* creeping-miss-teen.wav */ = {isa = PBXFileReference; lastKnownFileType = audio.wav; name = "creeping-miss-teen.wav"; path = "SoundBites/creeping-miss-teen.wav"; sourceTree = "<group>"; };
		7038D8FB1DC8410300EECF42 /* dating-Ivanka.wav */ = {isa = PBXFileReference; lastKnownFileType = audio.wav; name = "dating-Ivanka.wav"; path = "SoundBites/dating-Ivanka.wav"; sourceTree = "<group>"; };
		7038D8FC1DC8410300EECF42 /* dropping-to-your-knees.wav */ = {isa = PBXFileReference; lastKnownFileType = audio.wav; name = "dropping-to-your-knees.wav"; path = "SoundBites/dropping-to-your-knees.wav"; sourceTree = "<group>"; };
		7038D8FD1DC8410300EECF42 /* I-could-shoot-somebody.wav */ = {isa = PBXFileReference; lastKnownFileType = audio.wav; name = "I-could-shoot-somebody.wav"; path = "SoundBites/I-could-shoot-somebody.wav"; sourceTree = "<group>"; };
		7038D8FE1DC8410300EECF42 /* SoundBiteContent.swift */ = {isa = PBXFileReference; fileEncoding = 4; lastKnownFileType = sourcecode.swift; name = SoundBiteContent.swift; path = SoundBites/SoundBiteContent.swift; sourceTree = "<group>"; };
		7038D9181DC8410F00EECF42 /* NotificationManager.swift */ = {isa = PBXFileReference; fileEncoding = 4; lastKnownFileType = sourcecode.swift; name = NotificationManager.swift; path = Services/NotificationManager.swift; sourceTree = "<group>"; };
		7038D9191DC8410F00EECF42 /* CountdownManager.swift */ = {isa = PBXFileReference; fileEncoding = 4; lastKnownFileType = sourcecode.swift; name = CountdownManager.swift; path = Services/CountdownManager.swift; sourceTree = "<group>"; };
		7038D91A1DC8410F00EECF42 /* GoogleCivicInfoInteractor.swift */ = {isa = PBXFileReference; fileEncoding = 4; lastKnownFileType = sourcecode.swift; name = GoogleCivicInfoInteractor.swift; path = Services/GoogleCivicInfoInteractor.swift; sourceTree = "<group>"; };
		7038D91B1DC8410F00EECF42 /* LocationManager.swift */ = {isa = PBXFileReference; fileEncoding = 4; lastKnownFileType = sourcecode.swift; name = LocationManager.swift; path = Services/LocationManager.swift; sourceTree = "<group>"; };
		7038D91C1DC8410F00EECF42 /* PollingAPIResponse.swift */ = {isa = PBXFileReference; fileEncoding = 4; lastKnownFileType = sourcecode.swift; name = PollingAPIResponse.swift; path = Services/PollingAPIResponse.swift; sourceTree = "<group>"; };
		7038D91D1DC8410F00EECF42 /* TrumpAlarmUserDefaults.swift */ = {isa = PBXFileReference; fileEncoding = 4; lastKnownFileType = sourcecode.swift; name = TrumpAlarmUserDefaults.swift; path = Services/TrumpAlarmUserDefaults.swift; sourceTree = "<group>"; };
		7038D91E1DC8410F00EECF42 /* PhotoManager.swift */ = {isa = PBXFileReference; fileEncoding = 4; lastKnownFileType = sourcecode.swift; name = PhotoManager.swift; path = Services/PhotoManager.swift; sourceTree = "<group>"; };
		7038D91F1DC8410F00EECF42 /* TrumpQuoteStore.swift */ = {isa = PBXFileReference; fileEncoding = 4; lastKnownFileType = sourcecode.swift; name = TrumpQuoteStore.swift; path = Services/TrumpQuoteStore.swift; sourceTree = "<group>"; };
		7038D9281DC8411D00EECF42 /* TrumpQuoteLibrary.swift */ = {isa = PBXFileReference; fileEncoding = 4; lastKnownFileType = sourcecode.swift; name = TrumpQuoteLibrary.swift; path = Models/TrumpQuoteLibrary.swift; sourceTree = "<group>"; };
		7038D9291DC8411D00EECF42 /* TrumpQuote.swift */ = {isa = PBXFileReference; fileEncoding = 4; lastKnownFileType = sourcecode.swift; name = TrumpQuote.swift; path = Models/TrumpQuote.swift; sourceTree = "<group>"; };
		7038D92C1DC8412500EECF42 /* MainViewController.swift */ = {isa = PBXFileReference; fileEncoding = 4; lastKnownFileType = sourcecode.swift; name = MainViewController.swift; path = Controllers/MainViewController.swift; sourceTree = "<group>"; };
		7038D92D1DC8412500EECF42 /* QuotePlayViewController.swift */ = {isa = PBXFileReference; fileEncoding = 4; lastKnownFileType = sourcecode.swift; name = QuotePlayViewController.swift; path = Controllers/QuotePlayViewController.swift; sourceTree = "<group>"; };
		7038D92E1DC8412500EECF42 /* IntroViewController.swift */ = {isa = PBXFileReference; fileEncoding = 4; lastKnownFileType = sourcecode.swift; name = IntroViewController.swift; path = Controllers/IntroViewController.swift; sourceTree = "<group>"; };
		7038D92F1DC8412500EECF42 /* PostVotingController.swift */ = {isa = PBXFileReference; fileEncoding = 4; lastKnownFileType = sourcecode.swift; name = PostVotingController.swift; path = Controllers/PostVotingController.swift; sourceTree = "<group>"; };
		7038D9341DC8421300EECF42 /* Secret.swift */ = {isa = PBXFileReference; fileEncoding = 4; lastKnownFileType = sourcecode.swift; path = Secret.swift; sourceTree = "<group>"; };
		7038D9361DC8448B00EECF42 /* CoreLocation.framework */ = {isa = PBXFileReference; lastKnownFileType = wrapper.framework; name = CoreLocation.framework; path = System/Library/Frameworks/CoreLocation.framework; sourceTree = SDKROOT; };
		70A6CC7C1DC1238C00ED2D23 /* trump-alarm.app */ = {isa = PBXFileReference; explicitFileType = wrapper.application; includeInIndex = 0; path = "trump-alarm.app"; sourceTree = BUILT_PRODUCTS_DIR; };
		70A6CC7F1DC1238C00ED2D23 /* AppDelegate.swift */ = {isa = PBXFileReference; lastKnownFileType = sourcecode.swift; path = AppDelegate.swift; sourceTree = "<group>"; };
		70A6CC841DC1238C00ED2D23 /* Base */ = {isa = PBXFileReference; lastKnownFileType = file.storyboard; name = Base; path = Base.lproj/Main.storyboard; sourceTree = "<group>"; };
		70A6CC861DC1238C00ED2D23 /* Assets.xcassets */ = {isa = PBXFileReference; lastKnownFileType = folder.assetcatalog; path = Assets.xcassets; sourceTree = "<group>"; };
		70A6CC891DC1238C00ED2D23 /* Base */ = {isa = PBXFileReference; lastKnownFileType = file.storyboard; name = Base; path = Base.lproj/LaunchScreen.storyboard; sourceTree = "<group>"; };
		70A6CC8B1DC1238C00ED2D23 /* Info.plist */ = {isa = PBXFileReference; lastKnownFileType = text.plist.xml; path = Info.plist; sourceTree = "<group>"; };
		70A6CC901DC1238C00ED2D23 /* trump-alarmTests.xctest */ = {isa = PBXFileReference; explicitFileType = wrapper.cfbundle; includeInIndex = 0; path = "trump-alarmTests.xctest"; sourceTree = BUILT_PRODUCTS_DIR; };
		70A6CC941DC1238C00ED2D23 /* trump_alarmTests.swift */ = {isa = PBXFileReference; lastKnownFileType = sourcecode.swift; path = trump_alarmTests.swift; sourceTree = "<group>"; };
		70A6CC961DC1238C00ED2D23 /* Info.plist */ = {isa = PBXFileReference; lastKnownFileType = text.plist.xml; path = Info.plist; sourceTree = "<group>"; };
		9C41937C63BE0E0F94F56150 /* Pods-trump-alarm.release.xcconfig */ = {isa = PBXFileReference; includeInIndex = 1; lastKnownFileType = text.xcconfig; name = "Pods-trump-alarm.release.xcconfig"; path = "Pods/Target Support Files/Pods-trump-alarm/Pods-trump-alarm.release.xcconfig"; sourceTree = "<group>"; };
		E777081AC3EA8FECCC5D7151 /* TAAudioShareItemSource.swift */ = {isa = PBXFileReference; fileEncoding = 4; lastKnownFileType = sourcecode.swift; path = TAAudioShareItemSource.swift; sourceTree = "<group>"; };
/* End PBXFileReference section */

/* Begin PBXFrameworksBuildPhase section */
		70A6CC791DC1238C00ED2D23 /* Frameworks */ = {
			isa = PBXFrameworksBuildPhase;
			buildActionMask = 2147483647;
			files = (
				7038D9371DC8448B00EECF42 /* CoreLocation.framework in Frameworks */,
				ED519B248C8F8FB39255A53D /* Pods_trump_alarm.framework in Frameworks */,
			);
			runOnlyForDeploymentPostprocessing = 0;
		};
		70A6CC8D1DC1238C00ED2D23 /* Frameworks */ = {
			isa = PBXFrameworksBuildPhase;
			buildActionMask = 2147483647;
			files = (
			);
			runOnlyForDeploymentPostprocessing = 0;
		};
/* End PBXFrameworksBuildPhase section */

/* Begin PBXGroup section */
		7038D8A71DC840A600EECF42 /* Controllers */ = {
			isa = PBXGroup;
			children = (
				7038D92C1DC8412500EECF42 /* MainViewController.swift */,
				7038D92D1DC8412500EECF42 /* QuotePlayViewController.swift */,
				7038D92E1DC8412500EECF42 /* IntroViewController.swift */,
				7038D92F1DC8412500EECF42 /* PostVotingController.swift */,
			);
			name = Controllers;
			sourceTree = "<group>";
		};
		7038D8A81DC840AC00EECF42 /* Models */ = {
			isa = PBXGroup;
			children = (
				7038D9281DC8411D00EECF42 /* TrumpQuoteLibrary.swift */,
				7038D9291DC8411D00EECF42 /* TrumpQuote.swift */,
			);
			name = Models;
			sourceTree = "<group>";
		};
		7038D8A91DC840B200EECF42 /* Services */ = {
			isa = PBXGroup;
			children = (
				7038D9181DC8410F00EECF42 /* NotificationManager.swift */,
				7038D9191DC8410F00EECF42 /* CountdownManager.swift */,
				7038D91A1DC8410F00EECF42 /* GoogleCivicInfoInteractor.swift */,
				7038D91B1DC8410F00EECF42 /* LocationManager.swift */,
				7038D91C1DC8410F00EECF42 /* PollingAPIResponse.swift */,
				7038D91D1DC8410F00EECF42 /* TrumpAlarmUserDefaults.swift */,
				7038D91E1DC8410F00EECF42 /* PhotoManager.swift */,
				7038D91F1DC8410F00EECF42 /* TrumpQuoteStore.swift */,
			);
			name = Services;
			sourceTree = "<group>";
		};
		7038D8AA1DC840B800EECF42 /* SoundBites */ = {
			isa = PBXGroup;
			children = (
				7038D8E61DC8410300EECF42 /* grab-em.wav */,
				7038D8E71DC8410300EECF42 /* great-relationship-with-the-blacks.wav */,
				7038D8E81DC8410300EECF42 /* hand-size.wav */,
				7038D8E91DC8410300EECF42 /* meg-kelly-blood.wav */,
				7038D8EA1DC8410300EECF42 /* muslim-shutdown.wav */,
				7038D8EB1DC8410300EECF42 /* nasty_woman.wav */,
				7038D8EC1DC8410300EECF42 /* nasty-woman.wav */,
				7038D8ED1DC8410300EECF42 /* not-a-war-hero.wav */,
				7038D8EE1DC8410300EECF42 /* obama-clinton-co-founded-ISIS.wav */,
				7038D8EF1DC8410300EECF42 /* second-ammendment.wav */,
				7038D8F01DC8410300EECF42 /* shoot_sombody.wav */,
				7038D8F11DC8410300EECF42 /* take-their-guns-away.wav */,
				7038D8F21DC8410300EECF42 /* they're-rapist.wav */,
				7038D8F31DC8410300EECF42 /* try-and-fuck-her-she-was-married.wav */,
				7038D8F41DC8410300EECF42 /* waterboarding.wav */,
				7038D8F51DC8410300EECF42 /* won't-rule-out-nuclear-weapons.wav */,
				7038D8F61DC8410300EECF42 /* you're-the-puppet.wav */,
				7038D8F71DC8410300EECF42 /* bomb-the-shit.wav */,
				7038D8F81DC8410300EECF42 /* build-a-wall.wav */,
				7038D8F91DC8410300EECF42 /* carried-out-in-a-stretcher.wav */,
				7038D8FA1DC8410300EECF42 /* creeping-miss-teen.wav */,
				7038D8FB1DC8410300EECF42 /* dating-Ivanka.wav */,
				7038D8FC1DC8410300EECF42 /* dropping-to-your-knees.wav */,
				7038D8FD1DC8410300EECF42 /* I-could-shoot-somebody.wav */,
				7038D8FE1DC8410300EECF42 /* SoundBiteContent.swift */,
			);
			name = SoundBites;
			sourceTree = "<group>";
		};
		7038D8AB1DC840C000EECF42 /* SwiftDate */ = {
			isa = PBXGroup;
			children = (
				7038D8BC1DC840F400EECF42 /* CalendarName.swift */,
				7038D8BD1DC840F400EECF42 /* Commons.swift */,
				7038D8BE1DC840F400EECF42 /* Date+Compare.swift */,
				7038D8BF1DC840F400EECF42 /* Date+Components.swift */,
				7038D8C01DC840F400EECF42 /* Date+Formatter.swift */,
				7038D8C11DC840F400EECF42 /* Date+Math.swift */,
				7038D8C21DC840F400EECF42 /* DateComponents+Extension.swift */,
				7038D8C31DC840F400EECF42 /* DateInRegion.swift */,
				7038D8C41DC840F400EECF42 /* DateInRegion+Compare.swift */,
				7038D8C51DC840F400EECF42 /* DateInRegion+Components.swift */,
				7038D8C61DC840F400EECF42 /* DateInRegion+Formatter.swift */,
				7038D8C71DC840F400EECF42 /* DateInRegion+Math.swift */,
				7038D8C81DC840F400EECF42 /* DateInRegionFormatter.swift */,
				7038D8C91DC840F400EECF42 /* DateTimeInterval.swift */,
				7038D8CA1DC840F400EECF42 /* Extensions.swift */,
				7038D8CB1DC840F400EECF42 /* ISO8601DateTimeFormatter.swift */,
				7038D8CC1DC840F400EECF42 /* LocaleName.swift */,
				7038D8CD1DC840F400EECF42 /* Region.swift */,
				7038D8CF1DC840F400EECF42 /* TimeInterval+Extensions.swift */,
				7038D8D01DC840F400EECF42 /* TimeZoneName.swift */,
			);
			name = SwiftDate;
			sourceTree = "<group>";
		};
		7038D8AC1DC840CA00EECF42 /* Utilities */ = {
			isa = PBXGroup;
			children = (
				70159E931DCA570D00C581DB /* TrumpAlarmShareItemSource.swift */,
				274EC1271DCA12C900CD7B0C /* TrumpAlarmNotification.swift */,
				7038D8B21DC840EA00EECF42 /* StoryboardDirector.swift */,
				7038D8B31DC840EA00EECF42 /* TrumpAlarmDate+Extensions.swift */,
				7038D8B41DC840EA00EECF42 /* Environment.swift */,
				7038D8B51DC840EA00EECF42 /* SwiftyJSON.swift */,
				7038D8B61DC840EA00EECF42 /* TrumpAlarmInt+Extensions.swift */,
				E777081AC3EA8FECCC5D7151 /* TAAudioShareItemSource.swift */,
			);
			name = Utilities;
			sourceTree = "<group>";
		};
		7038D8AD1DC840D100EECF42 /* Views */ = {
			isa = PBXGroup;
			children = (
				7038D8AE1DC840E000EECF42 /* TrumpFace.swift */,
				7038D8AF1DC840E000EECF42 /* BorderedButton.swift */,
			);
			name = Views;
			sourceTree = "<group>";
		};
		70A6CC731DC1238C00ED2D23 = {
			isa = PBXGroup;
			children = (
				70A6CC7E1DC1238C00ED2D23 /* trump-alarm */,
				70A6CC931DC1238C00ED2D23 /* trump-alarmTests */,
				70A6CC7D1DC1238C00ED2D23 /* Products */,
				FE129CF685EA5FC02568821F /* Pods */,
				F37415E1F51E94B7CF1662C3 /* Frameworks */,
			);
			sourceTree = "<group>";
		};
		70A6CC7D1DC1238C00ED2D23 /* Products */ = {
			isa = PBXGroup;
			children = (
				70A6CC7C1DC1238C00ED2D23 /* trump-alarm.app */,
				70A6CC901DC1238C00ED2D23 /* trump-alarmTests.xctest */,
			);
			name = Products;
			sourceTree = "<group>";
		};
		70A6CC7E1DC1238C00ED2D23 /* trump-alarm */ = {
			isa = PBXGroup;
			children = (
				7038D8AD1DC840D100EECF42 /* Views */,
				7038D8AC1DC840CA00EECF42 /* Utilities */,
				7038D8AB1DC840C000EECF42 /* SwiftDate */,
				7038D8AA1DC840B800EECF42 /* SoundBites */,
				7038D8A91DC840B200EECF42 /* Services */,
				7038D8A81DC840AC00EECF42 /* Models */,
				7038D8A71DC840A600EECF42 /* Controllers */,
				70A6CC7F1DC1238C00ED2D23 /* AppDelegate.swift */,
				70A6CC831DC1238C00ED2D23 /* Main.storyboard */,
				70A6CC861DC1238C00ED2D23 /* Assets.xcassets */,
				70A6CC881DC1238C00ED2D23 /* LaunchScreen.storyboard */,
				70A6CC8B1DC1238C00ED2D23 /* Info.plist */,
				7038D9341DC8421300EECF42 /* Secret.swift */,
			);
			path = "trump-alarm";
			sourceTree = "<group>";
		};
		70A6CC931DC1238C00ED2D23 /* trump-alarmTests */ = {
			isa = PBXGroup;
			children = (
				70A6CC941DC1238C00ED2D23 /* trump_alarmTests.swift */,
				70A6CC961DC1238C00ED2D23 /* Info.plist */,
			);
			path = "trump-alarmTests";
			sourceTree = "<group>";
		};
		F37415E1F51E94B7CF1662C3 /* Frameworks */ = {
			isa = PBXGroup;
			children = (
				7038D9361DC8448B00EECF42 /* CoreLocation.framework */,
				4E11DA3BAD928EB0F078115A /* Pods_trump_alarm.framework */,
			);
			name = Frameworks;
			sourceTree = "<group>";
		};
		FE129CF685EA5FC02568821F /* Pods */ = {
			isa = PBXGroup;
			children = (
				603496EB1BB37306424435F1 /* Pods-trump-alarm.debug.xcconfig */,
				9C41937C63BE0E0F94F56150 /* Pods-trump-alarm.release.xcconfig */,
			);
			name = Pods;
			sourceTree = "<group>";
		};
/* End PBXGroup section */

/* Begin PBXNativeTarget section */
		70A6CC7B1DC1238C00ED2D23 /* trump-alarm */ = {
			isa = PBXNativeTarget;
			buildConfigurationList = 70A6CC991DC1238C00ED2D23 /* Build configuration list for PBXNativeTarget "trump-alarm" */;
			buildPhases = (
				BC3EC1B32BCF803C31DF3D3A /* [CP] Check Pods Manifest.lock */,
				70A6CC781DC1238C00ED2D23 /* Sources */,
				70A6CC791DC1238C00ED2D23 /* Frameworks */,
				70A6CC7A1DC1238C00ED2D23 /* Resources */,
				008D83E8CC8CB1405AAAC42C /* [CP] Embed Pods Frameworks */,
				CB17EF4D45B242381AABEFBF /* [CP] Copy Pods Resources */,
			);
			buildRules = (
			);
			dependencies = (
			);
			name = "trump-alarm";
			productName = "trump-alarm";
			productReference = 70A6CC7C1DC1238C00ED2D23 /* trump-alarm.app */;
			productType = "com.apple.product-type.application";
		};
		70A6CC8F1DC1238C00ED2D23 /* trump-alarmTests */ = {
			isa = PBXNativeTarget;
			buildConfigurationList = 70A6CC9C1DC1238C00ED2D23 /* Build configuration list for PBXNativeTarget "trump-alarmTests" */;
			buildPhases = (
				70A6CC8C1DC1238C00ED2D23 /* Sources */,
				70A6CC8D1DC1238C00ED2D23 /* Frameworks */,
				70A6CC8E1DC1238C00ED2D23 /* Resources */,
			);
			buildRules = (
			);
			dependencies = (
				70A6CC921DC1238C00ED2D23 /* PBXTargetDependency */,
			);
			name = "trump-alarmTests";
			productName = "trump-alarmTests";
			productReference = 70A6CC901DC1238C00ED2D23 /* trump-alarmTests.xctest */;
			productType = "com.apple.product-type.bundle.unit-test";
		};
/* End PBXNativeTarget section */

/* Begin PBXProject section */
		70A6CC741DC1238C00ED2D23 /* Project object */ = {
			isa = PBXProject;
			attributes = {
				LastSwiftUpdateCheck = 0800;
				LastUpgradeCheck = 0800;
				ORGANIZATIONNAME = yaunches;
				TargetAttributes = {
					70A6CC7B1DC1238C00ED2D23 = {
						CreatedOnToolsVersion = 8.0;
						DevelopmentTeam = T34EE4GLT2;
						ProvisioningStyle = Automatic;
					};
					70A6CC8F1DC1238C00ED2D23 = {
						CreatedOnToolsVersion = 8.0;
						ProvisioningStyle = Automatic;
						TestTargetID = 70A6CC7B1DC1238C00ED2D23;
					};
				};
			};
			buildConfigurationList = 70A6CC771DC1238C00ED2D23 /* Build configuration list for PBXProject "trump-alarm" */;
			compatibilityVersion = "Xcode 3.2";
			developmentRegion = English;
			hasScannedForEncodings = 0;
			knownRegions = (
				en,
				Base,
			);
			mainGroup = 70A6CC731DC1238C00ED2D23;
			productRefGroup = 70A6CC7D1DC1238C00ED2D23 /* Products */;
			projectDirPath = "";
			projectRoot = "";
			targets = (
				70A6CC7B1DC1238C00ED2D23 /* trump-alarm */,
				70A6CC8F1DC1238C00ED2D23 /* trump-alarmTests */,
			);
		};
/* End PBXProject section */

/* Begin PBXResourcesBuildPhase section */
		70A6CC7A1DC1238C00ED2D23 /* Resources */ = {
			isa = PBXResourcesBuildPhase;
			buildActionMask = 2147483647;
			files = (
				7038D90E1DC8410300EECF42 /* won't-rule-out-nuclear-weapons.wav in Resources */,
				7038D9131DC8410300EECF42 /* creeping-miss-teen.wav in Resources */,
				7038D9151DC8410300EECF42 /* dropping-to-your-knees.wav in Resources */,
				70A6CC8A1DC1238C00ED2D23 /* LaunchScreen.storyboard in Resources */,
				7038D9071DC8410300EECF42 /* obama-clinton-co-founded-ISIS.wav in Resources */,
				7038D9051DC8410300EECF42 /* nasty-woman.wav in Resources */,
				70A6CC871DC1238C00ED2D23 /* Assets.xcassets in Resources */,
				7038D9011DC8410300EECF42 /* hand-size.wav in Resources */,
				7038D9001DC8410300EECF42 /* great-relationship-with-the-blacks.wav in Resources */,
				7038D9111DC8410300EECF42 /* build-a-wall.wav in Resources */,
				7038D90D1DC8410300EECF42 /* waterboarding.wav in Resources */,
				7038D9161DC8410300EECF42 /* I-could-shoot-somebody.wav in Resources */,
				7038D90B1DC8410300EECF42 /* they're-rapist.wav in Resources */,
				7038D9141DC8410300EECF42 /* dating-Ivanka.wav in Resources */,
				7038D9101DC8410300EECF42 /* bomb-the-shit.wav in Resources */,
				7038D8FF1DC8410300EECF42 /* grab-em.wav in Resources */,
				7038D9021DC8410300EECF42 /* meg-kelly-blood.wav in Resources */,
				7038D9091DC8410300EECF42 /* shoot_sombody.wav in Resources */,
				70A6CC851DC1238C00ED2D23 /* Main.storyboard in Resources */,
				7038D90F1DC8410300EECF42 /* you're-the-puppet.wav in Resources */,
				7038D9041DC8410300EECF42 /* nasty_woman.wav in Resources */,
				7038D9031DC8410300EECF42 /* muslim-shutdown.wav in Resources */,
				7038D90A1DC8410300EECF42 /* take-their-guns-away.wav in Resources */,
				7038D9081DC8410300EECF42 /* second-ammendment.wav in Resources */,
				7038D90C1DC8410300EECF42 /* try-and-fuck-her-she-was-married.wav in Resources */,
				7038D9061DC8410300EECF42 /* not-a-war-hero.wav in Resources */,
				7038D9121DC8410300EECF42 /* carried-out-in-a-stretcher.wav in Resources */,
			);
			runOnlyForDeploymentPostprocessing = 0;
		};
		70A6CC8E1DC1238C00ED2D23 /* Resources */ = {
			isa = PBXResourcesBuildPhase;
			buildActionMask = 2147483647;
			files = (
			);
			runOnlyForDeploymentPostprocessing = 0;
		};
/* End PBXResourcesBuildPhase section */

/* Begin PBXShellScriptBuildPhase section */
		008D83E8CC8CB1405AAAC42C /* [CP] Embed Pods Frameworks */ = {
			isa = PBXShellScriptBuildPhase;
			buildActionMask = 2147483647;
			files = (
			);
			inputPaths = (
			);
			name = "[CP] Embed Pods Frameworks";
			outputPaths = (
			);
			runOnlyForDeploymentPostprocessing = 0;
			shellPath = /bin/sh;
			shellScript = "\"${SRCROOT}/Pods/Target Support Files/Pods-trump-alarm/Pods-trump-alarm-frameworks.sh\"\n";
			showEnvVarsInLog = 0;
		};
		BC3EC1B32BCF803C31DF3D3A /* [CP] Check Pods Manifest.lock */ = {
			isa = PBXShellScriptBuildPhase;
			buildActionMask = 2147483647;
			files = (
			);
			inputPaths = (
			);
			name = "[CP] Check Pods Manifest.lock";
			outputPaths = (
			);
			runOnlyForDeploymentPostprocessing = 0;
			shellPath = /bin/sh;
			shellScript = "diff \"${PODS_ROOT}/../Podfile.lock\" \"${PODS_ROOT}/Manifest.lock\" > /dev/null\nif [ $? != 0 ] ; then\n    # print error to STDERR\n    echo \"error: The sandbox is not in sync with the Podfile.lock. Run 'pod install' or update your CocoaPods installation.\" >&2\n    exit 1\nfi\n";
			showEnvVarsInLog = 0;
		};
		CB17EF4D45B242381AABEFBF /* [CP] Copy Pods Resources */ = {
			isa = PBXShellScriptBuildPhase;
			buildActionMask = 2147483647;
			files = (
			);
			inputPaths = (
			);
			name = "[CP] Copy Pods Resources";
			outputPaths = (
			);
			runOnlyForDeploymentPostprocessing = 0;
			shellPath = /bin/sh;
			shellScript = "\"${SRCROOT}/Pods/Target Support Files/Pods-trump-alarm/Pods-trump-alarm-resources.sh\"\n";
			showEnvVarsInLog = 0;
		};
/* End PBXShellScriptBuildPhase section */

/* Begin PBXSourcesBuildPhase section */
		70A6CC781DC1238C00ED2D23 /* Sources */ = {
			isa = PBXSourcesBuildPhase;
			buildActionMask = 2147483647;
			files = (
				7038D8DF1DC840F400EECF42 /* Extensions.swift in Sources */,
				7038D92B1DC8411D00EECF42 /* TrumpQuote.swift in Sources */,
				70159E941DCA570D00C581DB /* TrumpAlarmShareItemSource.swift in Sources */,
				7038D92A1DC8411D00EECF42 /* TrumpQuoteLibrary.swift in Sources */,
				7038D8E51DC840F400EECF42 /* TimeZoneName.swift in Sources */,
				7038D8E11DC840F400EECF42 /* LocaleName.swift in Sources */,
				7038D8B71DC840EA00EECF42 /* StoryboardDirector.swift in Sources */,
				7038D8D71DC840F400EECF42 /* DateComponents+Extension.swift in Sources */,
				7038D8B91DC840EA00EECF42 /* Environment.swift in Sources */,
				7038D9271DC8410F00EECF42 /* TrumpQuoteStore.swift in Sources */,
				7038D9321DC8412500EECF42 /* IntroViewController.swift in Sources */,
				7038D9211DC8410F00EECF42 /* CountdownManager.swift in Sources */,
				7038D8E21DC840F400EECF42 /* Region.swift in Sources */,
				7038D8E01DC840F400EECF42 /* ISO8601DateTimeFormatter.swift in Sources */,
				7038D8D21DC840F400EECF42 /* Commons.swift in Sources */,
				7038D8D91DC840F400EECF42 /* DateInRegion+Compare.swift in Sources */,
				7038D9311DC8412500EECF42 /* QuotePlayViewController.swift in Sources */,
				70A6CC801DC1238C00ED2D23 /* AppDelegate.swift in Sources */,
				7038D9221DC8410F00EECF42 /* GoogleCivicInfoInteractor.swift in Sources */,
				7038D8DA1DC840F400EECF42 /* DateInRegion+Components.swift in Sources */,
				7038D9231DC8410F00EECF42 /* LocationManager.swift in Sources */,
				7038D9201DC8410F00EECF42 /* NotificationManager.swift in Sources */,
				7038D9171DC8410300EECF42 /* SoundBiteContent.swift in Sources */,
				7038D8D31DC840F400EECF42 /* Date+Compare.swift in Sources */,
				7038D8DC1DC840F400EECF42 /* DateInRegion+Math.swift in Sources */,
				7038D8D81DC840F400EECF42 /* DateInRegion.swift in Sources */,
				274EC1281DCA12C900CD7B0C /* TrumpAlarmNotification.swift in Sources */,
				7038D9331DC8412500EECF42 /* PostVotingController.swift in Sources */,
				7038D9251DC8410F00EECF42 /* TrumpAlarmUserDefaults.swift in Sources */,
				7038D8B01DC840E000EECF42 /* TrumpFace.swift in Sources */,
				7038D8BB1DC840EA00EECF42 /* TrumpAlarmInt+Extensions.swift in Sources */,
				7038D8D61DC840F400EECF42 /* Date+Math.swift in Sources */,
				7038D9241DC8410F00EECF42 /* PollingAPIResponse.swift in Sources */,
				7038D8B81DC840EA00EECF42 /* TrumpAlarmDate+Extensions.swift in Sources */,
				7038D8BA1DC840EA00EECF42 /* SwiftyJSON.swift in Sources */,
				7038D8DE1DC840F400EECF42 /* DateTimeInterval.swift in Sources */,
				7038D8B11DC840E000EECF42 /* BorderedButton.swift in Sources */,
				7038D8D11DC840F400EECF42 /* CalendarName.swift in Sources */,
				7038D9261DC8410F00EECF42 /* PhotoManager.swift in Sources */,
				7038D9351DC8421300EECF42 /* Secret.swift in Sources */,
				7038D8D51DC840F400EECF42 /* Date+Formatter.swift in Sources */,
				7038D8D41DC840F400EECF42 /* Date+Components.swift in Sources */,
				7038D8DD1DC840F400EECF42 /* DateInRegionFormatter.swift in Sources */,
				7038D8E41DC840F400EECF42 /* TimeInterval+Extensions.swift in Sources */,
				7038D8DB1DC840F400EECF42 /* DateInRegion+Formatter.swift in Sources */,
				7038D9301DC8412500EECF42 /* MainViewController.swift in Sources */,
				E77700B66276486A6DD7E4C7 /* TAAudioShareItemSource.swift in Sources */,
			);
			runOnlyForDeploymentPostprocessing = 0;
		};
		70A6CC8C1DC1238C00ED2D23 /* Sources */ = {
			isa = PBXSourcesBuildPhase;
			buildActionMask = 2147483647;
			files = (
				70A6CC951DC1238C00ED2D23 /* trump_alarmTests.swift in Sources */,
			);
			runOnlyForDeploymentPostprocessing = 0;
		};
/* End PBXSourcesBuildPhase section */

/* Begin PBXTargetDependency section */
		70A6CC921DC1238C00ED2D23 /* PBXTargetDependency */ = {
			isa = PBXTargetDependency;
			target = 70A6CC7B1DC1238C00ED2D23 /* trump-alarm */;
			targetProxy = 70A6CC911DC1238C00ED2D23 /* PBXContainerItemProxy */;
		};
/* End PBXTargetDependency section */

/* Begin PBXVariantGroup section */
		70A6CC831DC1238C00ED2D23 /* Main.storyboard */ = {
			isa = PBXVariantGroup;
			children = (
				70A6CC841DC1238C00ED2D23 /* Base */,
			);
			name = Main.storyboard;
			sourceTree = "<group>";
		};
		70A6CC881DC1238C00ED2D23 /* LaunchScreen.storyboard */ = {
			isa = PBXVariantGroup;
			children = (
				70A6CC891DC1238C00ED2D23 /* Base */,
			);
			name = LaunchScreen.storyboard;
			sourceTree = "<group>";
		};
/* End PBXVariantGroup section */

/* Begin XCBuildConfiguration section */
		70A6CC971DC1238C00ED2D23 /* Debug */ = {
			isa = XCBuildConfiguration;
			buildSettings = {
				ALWAYS_SEARCH_USER_PATHS = NO;
				CLANG_ANALYZER_NONNULL = YES;
				CLANG_CXX_LANGUAGE_STANDARD = "gnu++0x";
				CLANG_CXX_LIBRARY = "libc++";
				CLANG_ENABLE_MODULES = YES;
				CLANG_ENABLE_OBJC_ARC = YES;
				CLANG_WARN_BOOL_CONVERSION = YES;
				CLANG_WARN_CONSTANT_CONVERSION = YES;
				CLANG_WARN_DIRECT_OBJC_ISA_USAGE = YES_ERROR;
				CLANG_WARN_DOCUMENTATION_COMMENTS = YES;
				CLANG_WARN_EMPTY_BODY = YES;
				CLANG_WARN_ENUM_CONVERSION = YES;
				CLANG_WARN_INFINITE_RECURSION = YES;
				CLANG_WARN_INT_CONVERSION = YES;
				CLANG_WARN_OBJC_ROOT_CLASS = YES_ERROR;
				CLANG_WARN_SUSPICIOUS_MOVES = YES;
				CLANG_WARN_UNREACHABLE_CODE = YES;
				CLANG_WARN__DUPLICATE_METHOD_MATCH = YES;
				"CODE_SIGN_IDENTITY[sdk=iphoneos*]" = "iPhone Developer";
				COPY_PHASE_STRIP = NO;
				DEBUG_INFORMATION_FORMAT = dwarf;
				ENABLE_STRICT_OBJC_MSGSEND = YES;
				ENABLE_TESTABILITY = YES;
				GCC_C_LANGUAGE_STANDARD = gnu99;
				GCC_DYNAMIC_NO_PIC = NO;
				GCC_NO_COMMON_BLOCKS = YES;
				GCC_OPTIMIZATION_LEVEL = 0;
				GCC_PREPROCESSOR_DEFINITIONS = (
					"DEBUG=1",
					"$(inherited)",
				);
				GCC_WARN_64_TO_32_BIT_CONVERSION = YES;
				GCC_WARN_ABOUT_RETURN_TYPE = YES_ERROR;
				GCC_WARN_UNDECLARED_SELECTOR = YES;
				GCC_WARN_UNINITIALIZED_AUTOS = YES_AGGRESSIVE;
				GCC_WARN_UNUSED_FUNCTION = YES;
				GCC_WARN_UNUSED_VARIABLE = YES;
				IPHONEOS_DEPLOYMENT_TARGET = 10.0;
				MTL_ENABLE_DEBUG_INFO = YES;
				ONLY_ACTIVE_ARCH = YES;
				SDKROOT = iphoneos;
				SWIFT_ACTIVE_COMPILATION_CONDITIONS = DEBUG;
				SWIFT_OPTIMIZATION_LEVEL = "-Onone";
				TARGETED_DEVICE_FAMILY = "1,2";
			};
			name = Debug;
		};
		70A6CC981DC1238C00ED2D23 /* Release */ = {
			isa = XCBuildConfiguration;
			buildSettings = {
				ALWAYS_SEARCH_USER_PATHS = NO;
				CLANG_ANALYZER_NONNULL = YES;
				CLANG_CXX_LANGUAGE_STANDARD = "gnu++0x";
				CLANG_CXX_LIBRARY = "libc++";
				CLANG_ENABLE_MODULES = YES;
				CLANG_ENABLE_OBJC_ARC = YES;
				CLANG_WARN_BOOL_CONVERSION = YES;
				CLANG_WARN_CONSTANT_CONVERSION = YES;
				CLANG_WARN_DIRECT_OBJC_ISA_USAGE = YES_ERROR;
				CLANG_WARN_DOCUMENTATION_COMMENTS = YES;
				CLANG_WARN_EMPTY_BODY = YES;
				CLANG_WARN_ENUM_CONVERSION = YES;
				CLANG_WARN_INFINITE_RECURSION = YES;
				CLANG_WARN_INT_CONVERSION = YES;
				CLANG_WARN_OBJC_ROOT_CLASS = YES_ERROR;
				CLANG_WARN_SUSPICIOUS_MOVES = YES;
				CLANG_WARN_UNREACHABLE_CODE = YES;
				CLANG_WARN__DUPLICATE_METHOD_MATCH = YES;
				"CODE_SIGN_IDENTITY[sdk=iphoneos*]" = "iPhone Developer";
				COPY_PHASE_STRIP = NO;
				DEBUG_INFORMATION_FORMAT = "dwarf-with-dsym";
				ENABLE_NS_ASSERTIONS = NO;
				ENABLE_STRICT_OBJC_MSGSEND = YES;
				GCC_C_LANGUAGE_STANDARD = gnu99;
				GCC_NO_COMMON_BLOCKS = YES;
				GCC_WARN_64_TO_32_BIT_CONVERSION = YES;
				GCC_WARN_ABOUT_RETURN_TYPE = YES_ERROR;
				GCC_WARN_UNDECLARED_SELECTOR = YES;
				GCC_WARN_UNINITIALIZED_AUTOS = YES_AGGRESSIVE;
				GCC_WARN_UNUSED_FUNCTION = YES;
				GCC_WARN_UNUSED_VARIABLE = YES;
				IPHONEOS_DEPLOYMENT_TARGET = 10.0;
				MTL_ENABLE_DEBUG_INFO = NO;
				SDKROOT = iphoneos;
				SWIFT_OPTIMIZATION_LEVEL = "-Owholemodule";
				TARGETED_DEVICE_FAMILY = "1,2";
				VALIDATE_PRODUCT = YES;
			};
			name = Release;
		};
		70A6CC9A1DC1238C00ED2D23 /* Debug */ = {
			isa = XCBuildConfiguration;
			baseConfigurationReference = 603496EB1BB37306424435F1 /* Pods-trump-alarm.debug.xcconfig */;
			buildSettings = {
				ASSETCATALOG_COMPILER_APPICON_NAME = AppIcon;
				DEVELOPMENT_TEAM = T34EE4GLT2;
				INFOPLIST_FILE = "trump-alarm/Info.plist";
				LD_RUNPATH_SEARCH_PATHS = "$(inherited) @executable_path/Frameworks";
				PRODUCT_BUNDLE_IDENTIFIER = "com.yaunches.trump-alarm";
				PRODUCT_NAME = "$(TARGET_NAME)";
				SWIFT_VERSION = 3.0;
				TARGETED_DEVICE_FAMILY = 1;
			};
			name = Debug;
		};
		70A6CC9B1DC1238C00ED2D23 /* Release */ = {
			isa = XCBuildConfiguration;
			baseConfigurationReference = 9C41937C63BE0E0F94F56150 /* Pods-trump-alarm.release.xcconfig */;
			buildSettings = {
				ASSETCATALOG_COMPILER_APPICON_NAME = AppIcon;
				DEVELOPMENT_TEAM = T34EE4GLT2;
				INFOPLIST_FILE = "trump-alarm/Info.plist";
				LD_RUNPATH_SEARCH_PATHS = "$(inherited) @executable_path/Frameworks";
				PRODUCT_BUNDLE_IDENTIFIER = "com.yaunches.trump-alarm";
				PRODUCT_NAME = "$(TARGET_NAME)";
				SWIFT_VERSION = 3.0;
				TARGETED_DEVICE_FAMILY = 1;
			};
			name = Release;
		};
		70A6CC9D1DC1238C00ED2D23 /* Debug */ = {
			isa = XCBuildConfiguration;
			buildSettings = {
				ALWAYS_EMBED_SWIFT_STANDARD_LIBRARIES = YES;
				BUNDLE_LOADER = "$(TEST_HOST)";
				INFOPLIST_FILE = "trump-alarmTests/Info.plist";
				LD_RUNPATH_SEARCH_PATHS = "$(inherited) @executable_path/Frameworks @loader_path/Frameworks";
				PRODUCT_BUNDLE_IDENTIFIER = "yaunches.trump-alarmTests";
				PRODUCT_NAME = "$(TARGET_NAME)";
				SWIFT_VERSION = 3.0;
				TEST_HOST = "$(BUILT_PRODUCTS_DIR)/trump-alarm.app/trump-alarm";
			};
			name = Debug;
		};
		70A6CC9E1DC1238C00ED2D23 /* Release */ = {
			isa = XCBuildConfiguration;
			buildSettings = {
				ALWAYS_EMBED_SWIFT_STANDARD_LIBRARIES = YES;
				BUNDLE_LOADER = "$(TEST_HOST)";
				INFOPLIST_FILE = "trump-alarmTests/Info.plist";
				LD_RUNPATH_SEARCH_PATHS = "$(inherited) @executable_path/Frameworks @loader_path/Frameworks";
				PRODUCT_BUNDLE_IDENTIFIER = "yaunches.trump-alarmTests";
				PRODUCT_NAME = "$(TARGET_NAME)";
				SWIFT_VERSION = 3.0;
				TEST_HOST = "$(BUILT_PRODUCTS_DIR)/trump-alarm.app/trump-alarm";
			};
			name = Release;
		};
/* End XCBuildConfiguration section */

/* Begin XCConfigurationList section */
		70A6CC771DC1238C00ED2D23 /* Build configuration list for PBXProject "trump-alarm" */ = {
			isa = XCConfigurationList;
			buildConfigurations = (
				70A6CC971DC1238C00ED2D23 /* Debug */,
				70A6CC981DC1238C00ED2D23 /* Release */,
			);
			defaultConfigurationIsVisible = 0;
			defaultConfigurationName = Release;
		};
		70A6CC991DC1238C00ED2D23 /* Build configuration list for PBXNativeTarget "trump-alarm" */ = {
			isa = XCConfigurationList;
			buildConfigurations = (
				70A6CC9A1DC1238C00ED2D23 /* Debug */,
				70A6CC9B1DC1238C00ED2D23 /* Release */,
			);
			defaultConfigurationIsVisible = 0;
			defaultConfigurationName = Release;
		};
		70A6CC9C1DC1238C00ED2D23 /* Build configuration list for PBXNativeTarget "trump-alarmTests" */ = {
			isa = XCConfigurationList;
			buildConfigurations = (
				70A6CC9D1DC1238C00ED2D23 /* Debug */,
				70A6CC9E1DC1238C00ED2D23 /* Release */,
			);
			defaultConfigurationIsVisible = 0;
			defaultConfigurationName = Release;
		};
/* End XCConfigurationList section */
	};
	rootObject = 70A6CC741DC1238C00ED2D23 /* Project object */;
}
