// !$*UTF8*$!
{
	archiveVersion = 1;
	classes = {
	};
	objectVersion = 46;
	objects = {

/* Begin PBXBuildFile section */
		175549B61DC69F1200B62473 /* TrumpQuote.swift in Sources */ = {isa = PBXBuildFile; fileRef = 175549B41DC69F1200B62473 /* TrumpQuote.swift */; };
		175549D61DC6A01800B62473 /* NotificationManager.swift in Sources */ = {isa = PBXBuildFile; fileRef = 175549D21DC6A01800B62473 /* NotificationManager.swift */; };
		175549D71DC6A01800B62473 /* PhotoManager.swift in Sources */ = {isa = PBXBuildFile; fileRef = 175549D31DC6A01800B62473 /* PhotoManager.swift */; };
		175549D81DC6A01800B62473 /* TrumpAlarmUserDefaults.swift in Sources */ = {isa = PBXBuildFile; fileRef = 175549D41DC6A01800B62473 /* TrumpAlarmUserDefaults.swift */; };
		175549D91DC6A01800B62473 /* TrumpQuoteStore.swift in Sources */ = {isa = PBXBuildFile; fileRef = 175549D51DC6A01800B62473 /* TrumpQuoteStore.swift */; };
		175549DC1DC6A1DF00B62473 /* Main.storyboard in Resources */ = {isa = PBXBuildFile; fileRef = 175549DA1DC6A1DF00B62473 /* Main.storyboard */; };
		17AD714E1DC51A1200E6BBD5 /* Environment.swift in Sources */ = {isa = PBXBuildFile; fileRef = 17AD714D1DC51A1200E6BBD5 /* Environment.swift */; };
		17AD71511DC5325B00E6BBD5 /* CoreLocation.framework in Frameworks */ = {isa = PBXBuildFile; fileRef = 17AD71501DC5325B00E6BBD5 /* CoreLocation.framework */; };
		17AD71531DC5334100E6BBD5 /* LocationManager.swift in Sources */ = {isa = PBXBuildFile; fileRef = 17AD71521DC5334100E6BBD5 /* LocationManager.swift */; };
		17AD71591DC57A0F00E6BBD5 /* Secrets.swift in Sources */ = {isa = PBXBuildFile; fileRef = 17AD71581DC57A0F00E6BBD5 /* Secrets.swift */; };
		17AD715B1DC57B6C00E6BBD5 /* GoogleCivicInfoInteractor.swift in Sources */ = {isa = PBXBuildFile; fileRef = 17AD715A1DC57B6C00E6BBD5 /* GoogleCivicInfoInteractor.swift */; };
		17AD715F1DC5AB7600E6BBD5 /* CountdownManager.swift in Sources */ = {isa = PBXBuildFile; fileRef = 17AD715E1DC5AB7600E6BBD5 /* CountdownManager.swift */; };
		701018801DC2E27D008D927F /* PostVotingController.swift in Sources */ = {isa = PBXBuildFile; fileRef = 7010187D1DC2E27D008D927F /* PostVotingController.swift */; };
		701018821DC2E27D008D927F /* MainViewController.swift in Sources */ = {isa = PBXBuildFile; fileRef = 7010187F1DC2E27D008D927F /* MainViewController.swift */; };
		70A6CC801DC1238C00ED2D23 /* AppDelegate.swift in Sources */ = {isa = PBXBuildFile; fileRef = 70A6CC7F1DC1238C00ED2D23 /* AppDelegate.swift */; };
		70A6CC871DC1238C00ED2D23 /* Assets.xcassets in Resources */ = {isa = PBXBuildFile; fileRef = 70A6CC861DC1238C00ED2D23 /* Assets.xcassets */; };
		70A6CC951DC1238C00ED2D23 /* trump_alarmTests.swift in Sources */ = {isa = PBXBuildFile; fileRef = 70A6CC941DC1238C00ED2D23 /* trump_alarmTests.swift */; };
/* End PBXBuildFile section */

/* Begin PBXContainerItemProxy section */
		70A6CC911DC1238C00ED2D23 /* PBXContainerItemProxy */ = {
			isa = PBXContainerItemProxy;
			containerPortal = 70A6CC741DC1238C00ED2D23 /* Project object */;
			proxyType = 1;
			remoteGlobalIDString = 70A6CC7B1DC1238C00ED2D23;
			remoteInfo = "trump-alarm";
		};
/* End PBXContainerItemProxy section */

/* Begin PBXFileReference section */
		175549B41DC69F1200B62473 /* TrumpQuote.swift */ = {isa = PBXFileReference; fileEncoding = 4; lastKnownFileType = sourcecode.swift; path = TrumpQuote.swift; sourceTree = "<group>"; };
		175549D21DC6A01800B62473 /* NotificationManager.swift */ = {isa = PBXFileReference; fileEncoding = 4; lastKnownFileType = sourcecode.swift; name = NotificationManager.swift; path = Services/NotificationManager.swift; sourceTree = "<group>"; };
		175549D31DC6A01800B62473 /* PhotoManager.swift */ = {isa = PBXFileReference; fileEncoding = 4; lastKnownFileType = sourcecode.swift; name = PhotoManager.swift; path = Services/PhotoManager.swift; sourceTree = "<group>"; };
		175549D41DC6A01800B62473 /* TrumpAlarmUserDefaults.swift */ = {isa = PBXFileReference; fileEncoding = 4; lastKnownFileType = sourcecode.swift; name = TrumpAlarmUserDefaults.swift; path = Services/TrumpAlarmUserDefaults.swift; sourceTree = "<group>"; };
		175549D51DC6A01800B62473 /* TrumpQuoteStore.swift */ = {isa = PBXFileReference; fileEncoding = 4; lastKnownFileType = sourcecode.swift; name = TrumpQuoteStore.swift; path = Services/TrumpQuoteStore.swift; sourceTree = "<group>"; };
		175549DB1DC6A1DF00B62473 /* Base */ = {isa = PBXFileReference; lastKnownFileType = file.storyboard; name = Base; path = Base.lproj/Main.storyboard; sourceTree = "<group>"; };
		175549DD1DC6C14700B62473 /* trump-alarm.entitlements */ = {isa = PBXFileReference; lastKnownFileType = text.plist.entitlements; path = "trump-alarm.entitlements"; sourceTree = "<group>"; };
		17AD714D1DC51A1200E6BBD5 /* Environment.swift */ = {isa = PBXFileReference; fileEncoding = 4; lastKnownFileType = sourcecode.swift; path = Environment.swift; sourceTree = "<group>"; };
		17AD71501DC5325B00E6BBD5 /* CoreLocation.framework */ = {isa = PBXFileReference; lastKnownFileType = wrapper.framework; name = CoreLocation.framework; path = System/Library/Frameworks/CoreLocation.framework; sourceTree = SDKROOT; };
		17AD71521DC5334100E6BBD5 /* LocationManager.swift */ = {isa = PBXFileReference; fileEncoding = 4; lastKnownFileType = sourcecode.swift; path = LocationManager.swift; sourceTree = "<group>"; };
		17AD71581DC57A0F00E6BBD5 /* Secrets.swift */ = {isa = PBXFileReference; fileEncoding = 4; lastKnownFileType = sourcecode.swift; path = Secrets.swift; sourceTree = "<group>"; };
		17AD715A1DC57B6C00E6BBD5 /* GoogleCivicInfoInteractor.swift */ = {isa = PBXFileReference; fileEncoding = 4; lastKnownFileType = sourcecode.swift; path = GoogleCivicInfoInteractor.swift; sourceTree = "<group>"; };
		17AD715E1DC5AB7600E6BBD5 /* CountdownManager.swift */ = {isa = PBXFileReference; fileEncoding = 4; lastKnownFileType = sourcecode.swift; path = CountdownManager.swift; sourceTree = "<group>"; };
		7010187D1DC2E27D008D927F /* PostVotingController.swift */ = {isa = PBXFileReference; fileEncoding = 4; lastKnownFileType = sourcecode.swift; path = PostVotingController.swift; sourceTree = "<group>"; };
		7010187F1DC2E27D008D927F /* MainViewController.swift */ = {isa = PBXFileReference; fileEncoding = 4; lastKnownFileType = sourcecode.swift; path = MainViewController.swift; sourceTree = "<group>"; };
		70A6CC7C1DC1238C00ED2D23 /* trump-alarm.app */ = {isa = PBXFileReference; explicitFileType = wrapper.application; includeInIndex = 0; path = "trump-alarm.app"; sourceTree = BUILT_PRODUCTS_DIR; };
		70A6CC7F1DC1238C00ED2D23 /* AppDelegate.swift */ = {isa = PBXFileReference; lastKnownFileType = sourcecode.swift; path = AppDelegate.swift; sourceTree = "<group>"; };
		70A6CC861DC1238C00ED2D23 /* Assets.xcassets */ = {isa = PBXFileReference; lastKnownFileType = folder.assetcatalog; path = Assets.xcassets; sourceTree = "<group>"; };
		70A6CC891DC1238C00ED2D23 /* Base */ = {isa = PBXFileReference; lastKnownFileType = file.storyboard; name = Base; path = Base.lproj/LaunchScreen.storyboard; sourceTree = "<group>"; };
		70A6CC8B1DC1238C00ED2D23 /* Info.plist */ = {isa = PBXFileReference; lastKnownFileType = text.plist.xml; path = Info.plist; sourceTree = "<group>"; };
		70A6CC901DC1238C00ED2D23 /* trump-alarmTests.xctest */ = {isa = PBXFileReference; explicitFileType = wrapper.cfbundle; includeInIndex = 0; path = "trump-alarmTests.xctest"; sourceTree = BUILT_PRODUCTS_DIR; };
		70A6CC941DC1238C00ED2D23 /* trump_alarmTests.swift */ = {isa = PBXFileReference; lastKnownFileType = sourcecode.swift; path = trump_alarmTests.swift; sourceTree = "<group>"; };
		70A6CC961DC1238C00ED2D23 /* Info.plist */ = {isa = PBXFileReference; lastKnownFileType = text.plist.xml; path = Info.plist; sourceTree = "<group>"; };
/* End PBXFileReference section */

/* Begin PBXFrameworksBuildPhase section */
		70A6CC791DC1238C00ED2D23 /* Frameworks */ = {
			isa = PBXFrameworksBuildPhase;
			buildActionMask = 2147483647;
			files = (
				17AD71511DC5325B00E6BBD5 /* CoreLocation.framework in Frameworks */,
			);
			runOnlyForDeploymentPostprocessing = 0;
		};
		70A6CC8D1DC1238C00ED2D23 /* Frameworks */ = {
			isa = PBXFrameworksBuildPhase;
			buildActionMask = 2147483647;
			files = (
			);
			runOnlyForDeploymentPostprocessing = 0;
		};
/* End PBXFrameworksBuildPhase section */

/* Begin PBXGroup section */
		175549C81DC69F9200B62473 /* SoundBites */ = {
			isa = PBXGroup;
			children = (
			);
			name = SoundBites;
			sourceTree = "<group>";
		};
		175549D11DC69FF600B62473 /* Services */ = {
			isa = PBXGroup;
			children = (
				175549D21DC6A01800B62473 /* NotificationManager.swift */,
				175549D31DC6A01800B62473 /* PhotoManager.swift */,
				175549D41DC6A01800B62473 /* TrumpAlarmUserDefaults.swift */,
				175549D51DC6A01800B62473 /* TrumpQuoteStore.swift */,
			);
			name = Services;
			sourceTree = "<group>";
		};
		17AD714F1DC5325B00E6BBD5 /* Frameworks */ = {
			isa = PBXGroup;
			children = (
				17AD71501DC5325B00E6BBD5 /* CoreLocation.framework */,
			);
			name = Frameworks;
			sourceTree = "<group>";
		};
		70A6CC731DC1238C00ED2D23 = {
			isa = PBXGroup;
			children = (
				70A6CC7E1DC1238C00ED2D23 /* trump-alarm */,
				70A6CC931DC1238C00ED2D23 /* trump-alarmTests */,
				70A6CC7D1DC1238C00ED2D23 /* Products */,
				17AD714F1DC5325B00E6BBD5 /* Frameworks */,
			);
			sourceTree = "<group>";
		};
		70A6CC7D1DC1238C00ED2D23 /* Products */ = {
			isa = PBXGroup;
			children = (
				70A6CC7C1DC1238C00ED2D23 /* trump-alarm.app */,
				70A6CC901DC1238C00ED2D23 /* trump-alarmTests.xctest */,
			);
			name = Products;
			sourceTree = "<group>";
		};
		70A6CC7E1DC1238C00ED2D23 /* trump-alarm */ = {
			isa = PBXGroup;
			children = (
				175549DD1DC6C14700B62473 /* trump-alarm.entitlements */,
				175549DA1DC6A1DF00B62473 /* Main.storyboard */,
				175549D11DC69FF600B62473 /* Services */,
				175549C81DC69F9200B62473 /* SoundBites */,
				175549B41DC69F1200B62473 /* TrumpQuote.swift */,
				70A6CC7F1DC1238C00ED2D23 /* AppDelegate.swift */,
				7010187D1DC2E27D008D927F /* PostVotingController.swift */,
				17AD715A1DC57B6C00E6BBD5 /* GoogleCivicInfoInteractor.swift */,
				17AD715E1DC5AB7600E6BBD5 /* CountdownManager.swift */,
				17AD71521DC5334100E6BBD5 /* LocationManager.swift */,
				7010187F1DC2E27D008D927F /* MainViewController.swift */,
				70A6CC861DC1238C00ED2D23 /* Assets.xcassets */,
				70A6CC881DC1238C00ED2D23 /* LaunchScreen.storyboard */,
				17AD714D1DC51A1200E6BBD5 /* Environment.swift */,
				17AD71581DC57A0F00E6BBD5 /* Secrets.swift */,
				70A6CC8B1DC1238C00ED2D23 /* Info.plist */,
			);
			path = "trump-alarm";
			sourceTree = "<group>";
		};
		70A6CC931DC1238C00ED2D23 /* trump-alarmTests */ = {
			isa = PBXGroup;
			children = (
				70A6CC941DC1238C00ED2D23 /* trump_alarmTests.swift */,
				70A6CC961DC1238C00ED2D23 /* Info.plist */,
			);
			path = "trump-alarmTests";
			sourceTree = "<group>";
		};
/* End PBXGroup section */

/* Begin PBXNativeTarget section */
		70A6CC7B1DC1238C00ED2D23 /* trump-alarm */ = {
			isa = PBXNativeTarget;
			buildConfigurationList = 70A6CC991DC1238C00ED2D23 /* Build configuration list for PBXNativeTarget "trump-alarm" */;
			buildPhases = (
				70A6CC781DC1238C00ED2D23 /* Sources */,
				70A6CC791DC1238C00ED2D23 /* Frameworks */,
				70A6CC7A1DC1238C00ED2D23 /* Resources */,
			);
			buildRules = (
			);
			dependencies = (
			);
			name = "trump-alarm";
			productName = "trump-alarm";
			productReference = 70A6CC7C1DC1238C00ED2D23 /* trump-alarm.app */;
			productType = "com.apple.product-type.application";
		};
		70A6CC8F1DC1238C00ED2D23 /* trump-alarmTests */ = {
			isa = PBXNativeTarget;
			buildConfigurationList = 70A6CC9C1DC1238C00ED2D23 /* Build configuration list for PBXNativeTarget "trump-alarmTests" */;
			buildPhases = (
				70A6CC8C1DC1238C00ED2D23 /* Sources */,
				70A6CC8D1DC1238C00ED2D23 /* Frameworks */,
				70A6CC8E1DC1238C00ED2D23 /* Resources */,
			);
			buildRules = (
			);
			dependencies = (
				70A6CC921DC1238C00ED2D23 /* PBXTargetDependency */,
			);
			name = "trump-alarmTests";
			productName = "trump-alarmTests";
			productReference = 70A6CC901DC1238C00ED2D23 /* trump-alarmTests.xctest */;
			productType = "com.apple.product-type.bundle.unit-test";
		};
/* End PBXNativeTarget section */

/* Begin PBXProject section */
		70A6CC741DC1238C00ED2D23 /* Project object */ = {
			isa = PBXProject;
			attributes = {
				LastSwiftUpdateCheck = 0800;
				LastUpgradeCheck = 0800;
				ORGANIZATIONNAME = yaunches;
				TargetAttributes = {
					70A6CC7B1DC1238C00ED2D23 = {
						CreatedOnToolsVersion = 8.0;
						ProvisioningStyle = Manual;
						SystemCapabilities = {
							com.apple.Push = {
								enabled = 0;
							};
						};
					};
					70A6CC8F1DC1238C00ED2D23 = {
						CreatedOnToolsVersion = 8.0;
						ProvisioningStyle = Automatic;
						TestTargetID = 70A6CC7B1DC1238C00ED2D23;
					};
				};
			};
			buildConfigurationList = 70A6CC771DC1238C00ED2D23 /* Build configuration list for PBXProject "trump-alarm" */;
			compatibilityVersion = "Xcode 3.2";
			developmentRegion = English;
			hasScannedForEncodings = 0;
			knownRegions = (
				en,
				Base,
			);
			mainGroup = 70A6CC731DC1238C00ED2D23;
			productRefGroup = 70A6CC7D1DC1238C00ED2D23 /* Products */;
			projectDirPath = "";
			projectRoot = "";
			targets = (
				70A6CC7B1DC1238C00ED2D23 /* trump-alarm */,
				70A6CC8F1DC1238C00ED2D23 /* trump-alarmTests */,
			);
		};
/* End PBXProject section */

/* Begin PBXResourcesBuildPhase section */
		70A6CC7A1DC1238C00ED2D23 /* Resources */ = {
			isa = PBXResourcesBuildPhase;
			buildActionMask = 2147483647;
			files = (
				70A6CC871DC1238C00ED2D23 /* Assets.xcassets in Resources */,
				175549DC1DC6A1DF00B62473 /* Main.storyboard in Resources */,
			);
			runOnlyForDeploymentPostprocessing = 0;
		};
		70A6CC8E1DC1238C00ED2D23 /* Resources */ = {
			isa = PBXResourcesBuildPhase;
			buildActionMask = 2147483647;
			files = (
			);
			runOnlyForDeploymentPostprocessing = 0;
		};
/* End PBXResourcesBuildPhase section */

/* Begin PBXSourcesBuildPhase section */
		70A6CC781DC1238C00ED2D23 /* Sources */ = {
			isa = PBXSourcesBuildPhase;
			buildActionMask = 2147483647;
			files = (
				17AD715B1DC57B6C00E6BBD5 /* GoogleCivicInfoInteractor.swift in Sources */,
				701018801DC2E27D008D927F /* PostVotingController.swift in Sources */,
				175549D71DC6A01800B62473 /* PhotoManager.swift in Sources */,
				175549D91DC6A01800B62473 /* TrumpQuoteStore.swift in Sources */,
				17AD71591DC57A0F00E6BBD5 /* Secrets.swift in Sources */,
				17AD715F1DC5AB7600E6BBD5 /* CountdownManager.swift in Sources */,
				175549D81DC6A01800B62473 /* TrumpAlarmUserDefaults.swift in Sources */,
				17AD71531DC5334100E6BBD5 /* LocationManager.swift in Sources */,
				175549D61DC6A01800B62473 /* NotificationManager.swift in Sources */,
				70A6CC801DC1238C00ED2D23 /* AppDelegate.swift in Sources */,
				701018821DC2E27D008D927F /* MainViewController.swift in Sources */,
				17AD714E1DC51A1200E6BBD5 /* Environment.swift in Sources */,
				175549B61DC69F1200B62473 /* TrumpQuote.swift in Sources */,
			);
			runOnlyForDeploymentPostprocessing = 0;
		};
		70A6CC8C1DC1238C00ED2D23 /* Sources */ = {
			isa = PBXSourcesBuildPhase;
			buildActionMask = 2147483647;
			files = (
				70A6CC951DC1238C00ED2D23 /* trump_alarmTests.swift in Sources */,
			);
			runOnlyForDeploymentPostprocessing = 0;
		};
/* End PBXSourcesBuildPhase section */

/* Begin PBXTargetDependency section */
		70A6CC921DC1238C00ED2D23 /* PBXTargetDependency */ = {
			isa = PBXTargetDependency;
			target = 70A6CC7B1DC1238C00ED2D23 /* trump-alarm */;
			targetProxy = 70A6CC911DC1238C00ED2D23 /* PBXContainerItemProxy */;
		};
/* End PBXTargetDependency section */

/* Begin PBXVariantGroup section */
		175549DA1DC6A1DF00B62473 /* Main.storyboard */ = {
			isa = PBXVariantGroup;
			children = (
				175549DB1DC6A1DF00B62473 /* Base */,
			);
			name = Main.storyboard;
			sourceTree = "<group>";
		};
		70A6CC881DC1238C00ED2D23 /* LaunchScreen.storyboard */ = {
			isa = PBXVariantGroup;
			children = (
				70A6CC891DC1238C00ED2D23 /* Base */,
			);
			name = LaunchScreen.storyboard;
			sourceTree = "<group>";
		};
/* End PBXVariantGroup section */

/* Begin XCBuildConfiguration section */
		70A6CC971DC1238C00ED2D23 /* Debug */ = {
			isa = XCBuildConfiguration;
			buildSettings = {
				ALWAYS_SEARCH_USER_PATHS = NO;
				CLANG_ANALYZER_NONNULL = YES;
				CLANG_CXX_LANGUAGE_STANDARD = "gnu++0x";
				CLANG_CXX_LIBRARY = "libc++";
				CLANG_ENABLE_MODULES = YES;
				CLANG_ENABLE_OBJC_ARC = YES;
				CLANG_WARN_BOOL_CONVERSION = YES;
				CLANG_WARN_CONSTANT_CONVERSION = YES;
				CLANG_WARN_DIRECT_OBJC_ISA_USAGE = YES_ERROR;
				CLANG_WARN_DOCUMENTATION_COMMENTS = YES;
				CLANG_WARN_EMPTY_BODY = YES;
				CLANG_WARN_ENUM_CONVERSION = YES;
				CLANG_WARN_INFINITE_RECURSION = YES;
				CLANG_WARN_INT_CONVERSION = YES;
				CLANG_WARN_OBJC_ROOT_CLASS = YES_ERROR;
				CLANG_WARN_SUSPICIOUS_MOVES = YES;
				CLANG_WARN_UNREACHABLE_CODE = YES;
				CLANG_WARN__DUPLICATE_METHOD_MATCH = YES;
				"CODE_SIGN_IDENTITY[sdk=iphoneos*]" = "iPhone Developer";
				COPY_PHASE_STRIP = NO;
				DEBUG_INFORMATION_FORMAT = dwarf;
				ENABLE_STRICT_OBJC_MSGSEND = YES;
				ENABLE_TESTABILITY = YES;
				GCC_C_LANGUAGE_STANDARD = gnu99;
				GCC_DYNAMIC_NO_PIC = NO;
				GCC_NO_COMMON_BLOCKS = YES;
				GCC_OPTIMIZATION_LEVEL = 0;
				GCC_PREPROCESSOR_DEFINITIONS = (
					"DEBUG=1",
					"$(inherited)",
				);
				GCC_WARN_64_TO_32_BIT_CONVERSION = YES;
				GCC_WARN_ABOUT_RETURN_TYPE = YES_ERROR;
				GCC_WARN_UNDECLARED_SELECTOR = YES;
				GCC_WARN_UNINITIALIZED_AUTOS = YES_AGGRESSIVE;
				GCC_WARN_UNUSED_FUNCTION = YES;
				GCC_WARN_UNUSED_VARIABLE = YES;
				IPHONEOS_DEPLOYMENT_TARGET = 10.0;
				MTL_ENABLE_DEBUG_INFO = YES;
				ONLY_ACTIVE_ARCH = YES;
				SDKROOT = iphoneos;
				SWIFT_ACTIVE_COMPILATION_CONDITIONS = DEBUG;
				SWIFT_OPTIMIZATION_LEVEL = "-Onone";
				TARGETED_DEVICE_FAMILY = "1,2";
			};
			name = Debug;
		};
		70A6CC981DC1238C00ED2D23 /* Release */ = {
			isa = XCBuildConfiguration;
			buildSettings = {
				ALWAYS_SEARCH_USER_PATHS = NO;
				CLANG_ANALYZER_NONNULL = YES;
				CLANG_CXX_LANGUAGE_STANDARD = "gnu++0x";
				CLANG_CXX_LIBRARY = "libc++";
				CLANG_ENABLE_MODULES = YES;
				CLANG_ENABLE_OBJC_ARC = YES;
				CLANG_WARN_BOOL_CONVERSION = YES;
				CLANG_WARN_CONSTANT_CONVERSION = YES;
				CLANG_WARN_DIRECT_OBJC_ISA_USAGE = YES_ERROR;
				CLANG_WARN_DOCUMENTATION_COMMENTS = YES;
				CLANG_WARN_EMPTY_BODY = YES;
				CLANG_WARN_ENUM_CONVERSION = YES;
				CLANG_WARN_INFINITE_RECURSION = YES;
				CLANG_WARN_INT_CONVERSION = YES;
				CLANG_WARN_OBJC_ROOT_CLASS = YES_ERROR;
				CLANG_WARN_SUSPICIOUS_MOVES = YES;
				CLANG_WARN_UNREACHABLE_CODE = YES;
				CLANG_WARN__DUPLICATE_METHOD_MATCH = YES;
				"CODE_SIGN_IDENTITY[sdk=iphoneos*]" = "iPhone Developer";
				COPY_PHASE_STRIP = NO;
				DEBUG_INFORMATION_FORMAT = "dwarf-with-dsym";
				ENABLE_NS_ASSERTIONS = NO;
				ENABLE_STRICT_OBJC_MSGSEND = YES;
				GCC_C_LANGUAGE_STANDARD = gnu99;
				GCC_NO_COMMON_BLOCKS = YES;
				GCC_WARN_64_TO_32_BIT_CONVERSION = YES;
				GCC_WARN_ABOUT_RETURN_TYPE = YES_ERROR;
				GCC_WARN_UNDECLARED_SELECTOR = YES;
				GCC_WARN_UNINITIALIZED_AUTOS = YES_AGGRESSIVE;
				GCC_WARN_UNUSED_FUNCTION = YES;
				GCC_WARN_UNUSED_VARIABLE = YES;
				IPHONEOS_DEPLOYMENT_TARGET = 10.0;
				MTL_ENABLE_DEBUG_INFO = NO;
				SDKROOT = iphoneos;
				SWIFT_OPTIMIZATION_LEVEL = "-Owholemodule";
				TARGETED_DEVICE_FAMILY = "1,2";
				VALIDATE_PRODUCT = YES;
			};
			name = Release;
		};
		70A6CC9A1DC1238C00ED2D23 /* Debug */ = {
			isa = XCBuildConfiguration;
			buildSettings = {
				ASSETCATALOG_COMPILER_APPICON_NAME = AppIcon;
				DEVELOPMENT_TEAM = "";
				INFOPLIST_FILE = "trump-alarm/Info.plist";
				LD_RUNPATH_SEARCH_PATHS = "$(inherited) @executable_path/Frameworks";
				PRODUCT_BUNDLE_IDENTIFIER = "com.yaunches.trump-alarm";
				PRODUCT_NAME = "$(TARGET_NAME)";
				SWIFT_VERSION = 3.0;
				TARGETED_DEVICE_FAMILY = 1;
			};
			name = Debug;
		};
		70A6CC9B1DC1238C00ED2D23 /* Release */ = {
			isa = XCBuildConfiguration;
			buildSettings = {
				ASSETCATALOG_COMPILER_APPICON_NAME = AppIcon;
				DEVELOPMENT_TEAM = "";
				INFOPLIST_FILE = "trump-alarm/Info.plist";
				LD_RUNPATH_SEARCH_PATHS = "$(inherited) @executable_path/Frameworks";
				PRODUCT_BUNDLE_IDENTIFIER = "com.yaunches.trump-alarm";
				PRODUCT_NAME = "$(TARGET_NAME)";
				SWIFT_VERSION = 3.0;
				TARGETED_DEVICE_FAMILY = 1;
			};
			name = Release;
		};
		70A6CC9D1DC1238C00ED2D23 /* Debug */ = {
			isa = XCBuildConfiguration;
			buildSettings = {
				ALWAYS_EMBED_SWIFT_STANDARD_LIBRARIES = YES;
				BUNDLE_LOADER = "$(TEST_HOST)";
				DEVELOPMENT_TEAM = "";
				INFOPLIST_FILE = "trump-alarmTests/Info.plist";
				LD_RUNPATH_SEARCH_PATHS = "$(inherited) @executable_path/Frameworks @loader_path/Frameworks";
				PRODUCT_BUNDLE_IDENTIFIER = "yaunches.trump-alarmTests";
				PRODUCT_NAME = "$(TARGET_NAME)";
				SWIFT_VERSION = 3.0;
				TEST_HOST = "$(BUILT_PRODUCTS_DIR)/trump-alarm.app/trump-alarm";
			};
			name = Debug;
		};
		70A6CC9E1DC1238C00ED2D23 /* Release */ = {
			isa = XCBuildConfiguration;
			buildSettings = {
				ALWAYS_EMBED_SWIFT_STANDARD_LIBRARIES = YES;
				BUNDLE_LOADER = "$(TEST_HOST)";
				DEVELOPMENT_TEAM = "";
				INFOPLIST_FILE = "trump-alarmTests/Info.plist";
				LD_RUNPATH_SEARCH_PATHS = "$(inherited) @executable_path/Frameworks @loader_path/Frameworks";
				PRODUCT_BUNDLE_IDENTIFIER = "yaunches.trump-alarmTests";
				PRODUCT_NAME = "$(TARGET_NAME)";
				SWIFT_VERSION = 3.0;
				TEST_HOST = "$(BUILT_PRODUCTS_DIR)/trump-alarm.app/trump-alarm";
			};
			name = Release;
		};
/* End XCBuildConfiguration section */

/* Begin XCConfigurationList section */
		70A6CC771DC1238C00ED2D23 /* Build configuration list for PBXProject "trump-alarm" */ = {
			isa = XCConfigurationList;
			buildConfigurations = (
				70A6CC971DC1238C00ED2D23 /* Debug */,
				70A6CC981DC1238C00ED2D23 /* Release */,
			);
			defaultConfigurationIsVisible = 0;
			defaultConfigurationName = Release;
		};
		70A6CC991DC1238C00ED2D23 /* Build configuration list for PBXNativeTarget "trump-alarm" */ = {
			isa = XCConfigurationList;
			buildConfigurations = (
				70A6CC9A1DC1238C00ED2D23 /* Debug */,
				70A6CC9B1DC1238C00ED2D23 /* Release */,
			);
			defaultConfigurationIsVisible = 0;
			defaultConfigurationName = Release;
		};
		70A6CC9C1DC1238C00ED2D23 /* Build configuration list for PBXNativeTarget "trump-alarmTests" */ = {
			isa = XCConfigurationList;
			buildConfigurations = (
				70A6CC9D1DC1238C00ED2D23 /* Debug */,
				70A6CC9E1DC1238C00ED2D23 /* Release */,
			);
			defaultConfigurationIsVisible = 0;
			defaultConfigurationName = Release;
		};
/* End XCConfigurationList section */
	};
	rootObject = 70A6CC741DC1238C00ED2D23 /* Project object */;
}
